// !$*UTF8*$!
{
	archiveVersion = 1;
	classes = {
	};
	objectVersion = 56;
	objects = {

/* Begin PBXBuildFile section */
		FD0E3A262A1E0091007748C6 /* SearchPhase.swift in Sources */ = {isa = PBXBuildFile; fileRef = FD0E3A252A1E0091007748C6 /* SearchPhase.swift */; };
		FD2CD5B529E7297E00C695A2 /* MyPageView.swift in Sources */ = {isa = PBXBuildFile; fileRef = FD2CD5B429E7297E00C695A2 /* MyPageView.swift */; };
		FD33045B2A249E530053C9FF /* View+Extension.swift in Sources */ = {isa = PBXBuildFile; fileRef = FD33045A2A249E530053C9FF /* View+Extension.swift */; };
		FD33045D2A249FE60053C9FF /* HTTPStatusCodeError.swift in Sources */ = {isa = PBXBuildFile; fileRef = FD33045C2A249FE60053C9FF /* HTTPStatusCodeError.swift */; };
		FD3304732A24FAD20053C9FF /* OpenMarketAPIError.swift in Sources */ = {isa = PBXBuildFile; fileRef = FD3304722A24FAD20053C9FF /* OpenMarketAPIError.swift */; };
		FD3304752A2500970053C9FF /* HondangmuError.swift in Sources */ = {isa = PBXBuildFile; fileRef = FD3304742A2500970053C9FF /* HondangmuError.swift */; };
		FD3304772A25064A0053C9FF /* BusinessLogicError.swift in Sources */ = {isa = PBXBuildFile; fileRef = FD3304762A25064A0053C9FF /* BusinessLogicError.swift */; };
		FD3304792A25087A0053C9FF /* HongdangmuErrorProtocol.swift in Sources */ = {isa = PBXBuildFile; fileRef = FD3304782A25087A0053C9FF /* HongdangmuErrorProtocol.swift */; };
		FD33047B2A26019C0053C9FF /* ViewModelErrorHandlingProtocol.swift in Sources */ = {isa = PBXBuildFile; fileRef = FD33047A2A26019C0053C9FF /* ViewModelErrorHandlingProtocol.swift */; };
		FD33047D2A2670060053C9FF /* ErrorLogger.swift in Sources */ = {isa = PBXBuildFile; fileRef = FD33047C2A2670060053C9FF /* ErrorLogger.swift */; };
		FD46E88829EACA6100A93D54 /* LoginView.swift in Sources */ = {isa = PBXBuildFile; fileRef = FD46E88729EACA6100A93D54 /* LoginView.swift */; };
		FD46E88A29EADF3400A93D54 /* MyOnSalesItemsView.swift in Sources */ = {isa = PBXBuildFile; fileRef = FD46E88929EADF3400A93D54 /* MyOnSalesItemsView.swift */; };
		FD46E88C29EAF24B00A93D54 /* MySalesHistoryContainerViewModel.swift in Sources */ = {isa = PBXBuildFile; fileRef = FD46E88B29EAF24B00A93D54 /* MySalesHistoryContainerViewModel.swift */; };
		FD50B9012A0972B90058BE3D /* OpenMarketAPIRequestDeleteProtocol.swift in Sources */ = {isa = PBXBuildFile; fileRef = FD50B9002A0972B90058BE3D /* OpenMarketAPIRequestDeleteProtocol.swift */; };
		FD62C44629E84AE3001B83ED /* MySalesHistoryContainerView.swift in Sources */ = {isa = PBXBuildFile; fileRef = FD62C44529E84AE3001B83ED /* MySalesHistoryContainerView.swift */; };
		FD62C44829E857EB001B83ED /* CircleImageView.swift in Sources */ = {isa = PBXBuildFile; fileRef = FD62C44729E857EB001B83ED /* CircleImageView.swift */; };
		FD62C44A29E862DE001B83ED /* MySalesStatusTabBarView.swift in Sources */ = {isa = PBXBuildFile; fileRef = FD62C44929E862DE001B83ED /* MySalesStatusTabBarView.swift */; };
		FD62C44D29E864EC001B83ED /* SalesStatus.swift in Sources */ = {isa = PBXBuildFile; fileRef = FD62C44C29E864EC001B83ED /* SalesStatus.swift */; };
		FD7FA17B2A2E3C7000BF9C72 /* ImageCacheManager.swift in Sources */ = {isa = PBXBuildFile; fileRef = FD7FA17A2A2E3C7000BF9C72 /* ImageCacheManager.swift */; };
		FD7FA17D2A2E3CBF00BF9C72 /* CachedAsyncImageViewModel.swift in Sources */ = {isa = PBXBuildFile; fileRef = FD7FA17C2A2E3CBF00BF9C72 /* CachedAsyncImageViewModel.swift */; };
		FD7FA17F2A2E3CD800BF9C72 /* CachedAsyncImage.swift in Sources */ = {isa = PBXBuildFile; fileRef = FD7FA17E2A2E3CD800BF9C72 /* CachedAsyncImage.swift */; };
		FD7FA1812A2E3D1800BF9C72 /* OpenMarketAPIServiceProtocol.swift in Sources */ = {isa = PBXBuildFile; fileRef = FD7FA1802A2E3D1800BF9C72 /* OpenMarketAPIServiceProtocol.swift */; };
		FD7FA1892A2E3E4400BF9C72 /* HongdangmuMarket_Tests.swift in Sources */ = {isa = PBXBuildFile; fileRef = FD7FA1882A2E3E4400BF9C72 /* HongdangmuMarket_Tests.swift */; };
		FD7FA1902A2E41CD00BF9C72 /* ItemListViewModel_Tests.swift in Sources */ = {isa = PBXBuildFile; fileRef = FD7FA18F2A2E41CD00BF9C72 /* ItemListViewModel_Tests.swift */; };
		FD7FA1922A2E423100BF9C72 /* MockOpenMarketAPIService.swift in Sources */ = {isa = PBXBuildFile; fileRef = FD7FA1912A2E423100BF9C72 /* MockOpenMarketAPIService.swift */; };
		FD7FA1962A2F09E300BF9C72 /* LoginViewModel_Tests.swift in Sources */ = {isa = PBXBuildFile; fileRef = FD7FA1952A2F09E300BF9C72 /* LoginViewModel_Tests.swift */; };
		FD7FA1982A2F0D3F00BF9C72 /* MockLoginData.swift in Sources */ = {isa = PBXBuildFile; fileRef = FD7FA1972A2F0D3F00BF9C72 /* MockLoginData.swift */; };
		FD7FA19A2A2F0EF600BF9C72 /* LoginDataProtocol.swift in Sources */ = {isa = PBXBuildFile; fileRef = FD7FA1992A2F0EF600BF9C72 /* LoginDataProtocol.swift */; };
		FD823DED29F2D3D3006A4685 /* MySoldOutItemsView.swift in Sources */ = {isa = PBXBuildFile; fileRef = FD823DEC29F2D3D3006A4685 /* MySoldOutItemsView.swift */; };
		FD8BA9A529E19CAA00F18661 /* HongdangmuMarketApp.swift in Sources */ = {isa = PBXBuildFile; fileRef = FD8BA9A429E19CAA00F18661 /* HongdangmuMarketApp.swift */; };
		FD8BA9A929E19CAB00F18661 /* Assets.xcassets in Resources */ = {isa = PBXBuildFile; fileRef = FD8BA9A829E19CAB00F18661 /* Assets.xcassets */; };
		FD8BA9AC29E19CAB00F18661 /* Preview Assets.xcassets in Resources */ = {isa = PBXBuildFile; fileRef = FD8BA9AB29E19CAB00F18661 /* Preview Assets.xcassets */; };
		FD8BA9B629E19EB600F18661 /* ItemListView.swift in Sources */ = {isa = PBXBuildFile; fileRef = FD8BA9B529E19EB600F18661 /* ItemListView.swift */; };
		FD8BA9B829E19F2100F18661 /* ItemRowView.swift in Sources */ = {isa = PBXBuildFile; fileRef = FD8BA9B729E19F2100F18661 /* ItemRowView.swift */; };
		FD8BA9BB29E19F8C00F18661 /* ItemDTO.swift in Sources */ = {isa = PBXBuildFile; fileRef = FD8BA9BA29E19F8C00F18661 /* ItemDTO.swift */; };
		FD8BA9BD29E1A13000F18661 /* ItemListPageDTO.swift in Sources */ = {isa = PBXBuildFile; fileRef = FD8BA9BC29E1A13000F18661 /* ItemListPageDTO.swift */; };
		FD8BA9BF29E1A9F600F18661 /* NetworkManager.swift in Sources */ = {isa = PBXBuildFile; fileRef = FD8BA9BE29E1A9F600F18661 /* NetworkManager.swift */; };
		FD8BA9C229E1AE4800F18661 /* MainContainerView.swift in Sources */ = {isa = PBXBuildFile; fileRef = FD8BA9C129E1AE4800F18661 /* MainContainerView.swift */; };
		FD8BA9C729E1B53B00F18661 /* Item.swift in Sources */ = {isa = PBXBuildFile; fileRef = FD8BA9C629E1B53B00F18661 /* Item.swift */; };
		FD8BA9CC29E1B84000F18661 /* API.swift in Sources */ = {isa = PBXBuildFile; fileRef = FD8BA9CB29E1B84000F18661 /* API.swift */; };
		FD8BA9CF29E1B95D00F18661 /* OpenMarketAPIRequestProtocol.swift in Sources */ = {isa = PBXBuildFile; fileRef = FD8BA9CE29E1B95D00F18661 /* OpenMarketAPIRequestProtocol.swift */; };
		FD8BA9D329E1BAE700F18661 /* OpenMarketAPIRequestGetProtocol.swift in Sources */ = {isa = PBXBuildFile; fileRef = FD8BA9D229E1BAE700F18661 /* OpenMarketAPIRequestGetProtocol.swift */; };
		FD8BA9D529E1BB4400F18661 /* HTTPMethod.swift in Sources */ = {isa = PBXBuildFile; fileRef = FD8BA9D429E1BB4400F18661 /* HTTPMethod.swift */; };
		FD8BA9D729E1BC6C00F18661 /* API+LookUpItems.swift in Sources */ = {isa = PBXBuildFile; fileRef = FD8BA9D629E1BC6C00F18661 /* API+LookUpItems.swift */; };
		FD8BA9DA29E1CBD500F18661 /* ItemListViewModel.swift in Sources */ = {isa = PBXBuildFile; fileRef = FD8BA9D929E1CBD500F18661 /* ItemListViewModel.swift */; };
		FD8BA9DC29E1D10100F18661 /* ItemListPage.swift in Sources */ = {isa = PBXBuildFile; fileRef = FD8BA9DB29E1D10100F18661 /* ItemListPage.swift */; };
		FD8BA9DE29E1F2D100F18661 /* DTOProtocol.swift in Sources */ = {isa = PBXBuildFile; fileRef = FD8BA9DD29E1F2D100F18661 /* DTOProtocol.swift */; };
		FD8BA9E029E1F8AE00F18661 /* DataToEntityConverter.swift in Sources */ = {isa = PBXBuildFile; fileRef = FD8BA9DF29E1F8AE00F18661 /* DataToEntityConverter.swift */; };
		FD8BA9E229E2135C00F18661 /* DateCalculator.swift in Sources */ = {isa = PBXBuildFile; fileRef = FD8BA9E129E2135C00F18661 /* DateCalculator.swift */; };
		FD8BA9E729E235A100F18661 /* ItemDetailView.swift in Sources */ = {isa = PBXBuildFile; fileRef = FD8BA9E629E235A100F18661 /* ItemDetailView.swift */; };
		FD8BA9E929E2494C00F18661 /* ItemDetailViewModel.swift in Sources */ = {isa = PBXBuildFile; fileRef = FD8BA9E829E2494C00F18661 /* ItemDetailViewModel.swift */; };
		FD8BA9EB29E24AB700F18661 /* API+LookUpItemDetail.swift in Sources */ = {isa = PBXBuildFile; fileRef = FD8BA9EA29E24AB700F18661 /* API+LookUpItemDetail.swift */; };
		FD8BA9ED29E2598900F18661 /* Vendor.swift in Sources */ = {isa = PBXBuildFile; fileRef = FD8BA9EC29E2598900F18661 /* Vendor.swift */; };
		FD8BA9EF29E259EE00F18661 /* ItemImageData.swift in Sources */ = {isa = PBXBuildFile; fileRef = FD8BA9EE29E259EE00F18661 /* ItemImageData.swift */; };
		FD8BA9F229E299FE00F18661 /* ItemAddView.swift in Sources */ = {isa = PBXBuildFile; fileRef = FD8BA9F129E299FE00F18661 /* ItemAddView.swift */; };
		FD8BAA1229E2A70A00F18661 /* ImagePicker.swift in Sources */ = {isa = PBXBuildFile; fileRef = FD8BAA1129E2A70A00F18661 /* ImagePicker.swift */; };
		FDA34D1829E2AFEF00CF96E3 /* ItemAddViewModel.swift in Sources */ = {isa = PBXBuildFile; fileRef = FDA34D1729E2AFEF00CF96E3 /* ItemAddViewModel.swift */; };
		FDA34D1C29E2CF1500CF96E3 /* MultipartFormDataHandlingProtocol.swift in Sources */ = {isa = PBXBuildFile; fileRef = FDA34D1B29E2CF1500CF96E3 /* MultipartFormDataHandlingProtocol.swift */; };
		FDA34D1F29E2D05100CF96E3 /* OpenMarketAPIRequestPostProtocol.swift in Sources */ = {isa = PBXBuildFile; fileRef = FDA34D1E29E2D05100CF96E3 /* OpenMarketAPIRequestPostProtocol.swift */; };
		FDA34D2129E2D16400CF96E3 /* API+AddItem.swift in Sources */ = {isa = PBXBuildFile; fileRef = FDA34D2029E2D16400CF96E3 /* API+AddItem.swift */; };
		FDA34D2329E2D2CC00CF96E3 /* AddRequestItemDTO.swift in Sources */ = {isa = PBXBuildFile; fileRef = FDA34D2229E2D2CC00CF96E3 /* AddRequestItemDTO.swift */; };
		FDAC09F02A226BC300DBDDDF /* ImageManager.swift in Sources */ = {isa = PBXBuildFile; fileRef = FDAC09EF2A226BC300DBDDDF /* ImageManager.swift */; };
		FDCE20392A1D1338008CBF42 /* ItemListContainerViewModel.swift in Sources */ = {isa = PBXBuildFile; fileRef = FDCE20382A1D1338008CBF42 /* ItemListContainerViewModel.swift */; };
		FDCE203D2A1DAD93008CBF42 /* ItemListContainerView.swift in Sources */ = {isa = PBXBuildFile; fileRef = FDCE203C2A1DAD93008CBF42 /* ItemListContainerView.swift */; };
		FDDA463B2A1001CB003D279E /* MockCenter.swift in Sources */ = {isa = PBXBuildFile; fileRef = FDDA463A2A1001CB003D279E /* MockCenter.swift */; };
		FDDA46522A13C405003D279E /* MainContainerViewModel.swift in Sources */ = {isa = PBXBuildFile; fileRef = FDDA46512A13C405003D279E /* MainContainerViewModel.swift */; };
		FDDA46542A13C503003D279E /* LoginViewModel.swift in Sources */ = {isa = PBXBuildFile; fileRef = FDDA46532A13C503003D279E /* LoginViewModel.swift */; };
		FDDA46582A13F001003D279E /* LoginData.swift in Sources */ = {isa = PBXBuildFile; fileRef = FDDA46572A13F001003D279E /* LoginData.swift */; };
		FDDA465A2A154574003D279E /* OpenMarketAPIService.swift in Sources */ = {isa = PBXBuildFile; fileRef = FDDA46592A154574003D279E /* OpenMarketAPIService.swift */; };
		FDDA465E2A16362F003D279E /* API+DeleteItem.swift in Sources */ = {isa = PBXBuildFile; fileRef = FDDA465D2A16362F003D279E /* API+DeleteItem.swift */; };
		FDEFB4372A1792B30051BBF1 /* ItemSearchView.swift in Sources */ = {isa = PBXBuildFile; fileRef = FDEFB4362A1792B30051BBF1 /* ItemSearchView.swift */; };
		FDEFB4392A18CD230051BBF1 /* ItemSearchViewModel.swift in Sources */ = {isa = PBXBuildFile; fileRef = FDEFB4382A18CD230051BBF1 /* ItemSearchViewModel.swift */; };
		FDF1820A2A0C11CB004EF3AF /* ItemOwner.swift in Sources */ = {isa = PBXBuildFile; fileRef = FDF182092A0C11CB004EF3AF /* ItemOwner.swift */; };
		FDF1820C2A0CD979004EF3AF /* OpenMarketAPIRequestPatchProtocol.swift in Sources */ = {isa = PBXBuildFile; fileRef = FDF1820B2A0CD979004EF3AF /* OpenMarketAPIRequestPatchProtocol.swift */; };
		FDF1820E2A0CDB15004EF3AF /* API+EditItem.swift in Sources */ = {isa = PBXBuildFile; fileRef = FDF1820D2A0CDB15004EF3AF /* API+EditItem.swift */; };
		FDF182162A0E4C78004EF3AF /* ItemAddEditViewProtocol.swift in Sources */ = {isa = PBXBuildFile; fileRef = FDF182152A0E4C78004EF3AF /* ItemAddEditViewProtocol.swift */; };
		FDF1821A2A0EBA44004EF3AF /* ItemEditViewModel.swift in Sources */ = {isa = PBXBuildFile; fileRef = FDF182192A0EBA44004EF3AF /* ItemEditViewModel.swift */; };
		FDF1821C2A0EBEEB004EF3AF /* ItemAddEditViewModelProtocol.swift in Sources */ = {isa = PBXBuildFile; fileRef = FDF1821B2A0EBEEB004EF3AF /* ItemAddEditViewModelProtocol.swift */; };
		FDF1821E2A0F8F99004EF3AF /* ItemEditView.swift in Sources */ = {isa = PBXBuildFile; fileRef = FDF1821D2A0F8F99004EF3AF /* ItemEditView.swift */; };
		FDF5B9562A1C496D001B78F6 /* ItemSearchResultView.swift in Sources */ = {isa = PBXBuildFile; fileRef = FDF5B9552A1C496D001B78F6 /* ItemSearchResultView.swift */; };
/* End PBXBuildFile section */

/* Begin PBXContainerItemProxy section */
		FD7FA18A2A2E3E4400BF9C72 /* PBXContainerItemProxy */ = {
			isa = PBXContainerItemProxy;
			containerPortal = FD8BA99929E19CAA00F18661 /* Project object */;
			proxyType = 1;
			remoteGlobalIDString = FD8BA9A029E19CAA00F18661;
			remoteInfo = HongdangmuMarket;
		};
/* End PBXContainerItemProxy section */

/* Begin PBXFileReference section */
		FD0E3A252A1E0091007748C6 /* SearchPhase.swift */ = {isa = PBXFileReference; lastKnownFileType = sourcecode.swift; path = SearchPhase.swift; sourceTree = "<group>"; };
		FD2CD5B429E7297E00C695A2 /* MyPageView.swift */ = {isa = PBXFileReference; lastKnownFileType = sourcecode.swift; path = MyPageView.swift; sourceTree = "<group>"; };
		FD33045A2A249E530053C9FF /* View+Extension.swift */ = {isa = PBXFileReference; lastKnownFileType = sourcecode.swift; path = "View+Extension.swift"; sourceTree = "<group>"; };
		FD33045C2A249FE60053C9FF /* HTTPStatusCodeError.swift */ = {isa = PBXFileReference; lastKnownFileType = sourcecode.swift; path = HTTPStatusCodeError.swift; sourceTree = "<group>"; };
		FD3304722A24FAD20053C9FF /* OpenMarketAPIError.swift */ = {isa = PBXFileReference; lastKnownFileType = sourcecode.swift; path = OpenMarketAPIError.swift; sourceTree = "<group>"; };
		FD3304742A2500970053C9FF /* HondangmuError.swift */ = {isa = PBXFileReference; lastKnownFileType = sourcecode.swift; path = HondangmuError.swift; sourceTree = "<group>"; };
		FD3304762A25064A0053C9FF /* BusinessLogicError.swift */ = {isa = PBXFileReference; lastKnownFileType = sourcecode.swift; path = BusinessLogicError.swift; sourceTree = "<group>"; };
		FD3304782A25087A0053C9FF /* HongdangmuErrorProtocol.swift */ = {isa = PBXFileReference; lastKnownFileType = sourcecode.swift; path = HongdangmuErrorProtocol.swift; sourceTree = "<group>"; };
		FD33047A2A26019C0053C9FF /* ViewModelErrorHandlingProtocol.swift */ = {isa = PBXFileReference; lastKnownFileType = sourcecode.swift; path = ViewModelErrorHandlingProtocol.swift; sourceTree = "<group>"; };
		FD33047C2A2670060053C9FF /* ErrorLogger.swift */ = {isa = PBXFileReference; lastKnownFileType = sourcecode.swift; path = ErrorLogger.swift; sourceTree = "<group>"; };
		FD46E88729EACA6100A93D54 /* LoginView.swift */ = {isa = PBXFileReference; lastKnownFileType = sourcecode.swift; path = LoginView.swift; sourceTree = "<group>"; };
		FD46E88929EADF3400A93D54 /* MyOnSalesItemsView.swift */ = {isa = PBXFileReference; lastKnownFileType = sourcecode.swift; path = MyOnSalesItemsView.swift; sourceTree = "<group>"; };
		FD46E88B29EAF24B00A93D54 /* MySalesHistoryContainerViewModel.swift */ = {isa = PBXFileReference; lastKnownFileType = sourcecode.swift; path = MySalesHistoryContainerViewModel.swift; sourceTree = "<group>"; };
		FD50B9002A0972B90058BE3D /* OpenMarketAPIRequestDeleteProtocol.swift */ = {isa = PBXFileReference; lastKnownFileType = sourcecode.swift; path = OpenMarketAPIRequestDeleteProtocol.swift; sourceTree = "<group>"; };
		FD62C44529E84AE3001B83ED /* MySalesHistoryContainerView.swift */ = {isa = PBXFileReference; lastKnownFileType = sourcecode.swift; path = MySalesHistoryContainerView.swift; sourceTree = "<group>"; };
		FD62C44729E857EB001B83ED /* CircleImageView.swift */ = {isa = PBXFileReference; lastKnownFileType = sourcecode.swift; path = CircleImageView.swift; sourceTree = "<group>"; };
		FD62C44929E862DE001B83ED /* MySalesStatusTabBarView.swift */ = {isa = PBXFileReference; lastKnownFileType = sourcecode.swift; path = MySalesStatusTabBarView.swift; sourceTree = "<group>"; };
		FD62C44C29E864EC001B83ED /* SalesStatus.swift */ = {isa = PBXFileReference; lastKnownFileType = sourcecode.swift; path = SalesStatus.swift; sourceTree = "<group>"; };
		FD7FA17A2A2E3C7000BF9C72 /* ImageCacheManager.swift */ = {isa = PBXFileReference; fileEncoding = 4; lastKnownFileType = sourcecode.swift; path = ImageCacheManager.swift; sourceTree = "<group>"; };
		FD7FA17C2A2E3CBF00BF9C72 /* CachedAsyncImageViewModel.swift */ = {isa = PBXFileReference; fileEncoding = 4; lastKnownFileType = sourcecode.swift; path = CachedAsyncImageViewModel.swift; sourceTree = "<group>"; };
		FD7FA17E2A2E3CD800BF9C72 /* CachedAsyncImage.swift */ = {isa = PBXFileReference; fileEncoding = 4; lastKnownFileType = sourcecode.swift; path = CachedAsyncImage.swift; sourceTree = "<group>"; };
		FD7FA1802A2E3D1800BF9C72 /* OpenMarketAPIServiceProtocol.swift */ = {isa = PBXFileReference; fileEncoding = 4; lastKnownFileType = sourcecode.swift; path = OpenMarketAPIServiceProtocol.swift; sourceTree = "<group>"; };
		FD7FA1862A2E3E4400BF9C72 /* HongdangmuMarket_Tests.xctest */ = {isa = PBXFileReference; explicitFileType = wrapper.cfbundle; includeInIndex = 0; path = HongdangmuMarket_Tests.xctest; sourceTree = BUILT_PRODUCTS_DIR; };
		FD7FA1882A2E3E4400BF9C72 /* HongdangmuMarket_Tests.swift */ = {isa = PBXFileReference; lastKnownFileType = sourcecode.swift; path = HongdangmuMarket_Tests.swift; sourceTree = "<group>"; };
		FD7FA18F2A2E41CD00BF9C72 /* ItemListViewModel_Tests.swift */ = {isa = PBXFileReference; lastKnownFileType = sourcecode.swift; path = ItemListViewModel_Tests.swift; sourceTree = "<group>"; };
		FD7FA1912A2E423100BF9C72 /* MockOpenMarketAPIService.swift */ = {isa = PBXFileReference; lastKnownFileType = sourcecode.swift; path = MockOpenMarketAPIService.swift; sourceTree = "<group>"; };
		FD7FA1952A2F09E300BF9C72 /* LoginViewModel_Tests.swift */ = {isa = PBXFileReference; lastKnownFileType = sourcecode.swift; path = LoginViewModel_Tests.swift; sourceTree = "<group>"; };
		FD7FA1972A2F0D3F00BF9C72 /* MockLoginData.swift */ = {isa = PBXFileReference; lastKnownFileType = sourcecode.swift; path = MockLoginData.swift; sourceTree = "<group>"; };
		FD7FA1992A2F0EF600BF9C72 /* LoginDataProtocol.swift */ = {isa = PBXFileReference; lastKnownFileType = sourcecode.swift; path = LoginDataProtocol.swift; sourceTree = "<group>"; };
		FD823DEC29F2D3D3006A4685 /* MySoldOutItemsView.swift */ = {isa = PBXFileReference; lastKnownFileType = sourcecode.swift; path = MySoldOutItemsView.swift; sourceTree = "<group>"; };
		FD8BA9A129E19CAA00F18661 /* HongdangmuMarket.app */ = {isa = PBXFileReference; explicitFileType = wrapper.application; includeInIndex = 0; path = HongdangmuMarket.app; sourceTree = BUILT_PRODUCTS_DIR; };
		FD8BA9A429E19CAA00F18661 /* HongdangmuMarketApp.swift */ = {isa = PBXFileReference; lastKnownFileType = sourcecode.swift; path = HongdangmuMarketApp.swift; sourceTree = "<group>"; };
		FD8BA9A829E19CAB00F18661 /* Assets.xcassets */ = {isa = PBXFileReference; lastKnownFileType = folder.assetcatalog; path = Assets.xcassets; sourceTree = "<group>"; };
		FD8BA9AB29E19CAB00F18661 /* Preview Assets.xcassets */ = {isa = PBXFileReference; lastKnownFileType = folder.assetcatalog; path = "Preview Assets.xcassets"; sourceTree = "<group>"; };
		FD8BA9B529E19EB600F18661 /* ItemListView.swift */ = {isa = PBXFileReference; lastKnownFileType = sourcecode.swift; path = ItemListView.swift; sourceTree = "<group>"; };
		FD8BA9B729E19F2100F18661 /* ItemRowView.swift */ = {isa = PBXFileReference; lastKnownFileType = sourcecode.swift; path = ItemRowView.swift; sourceTree = "<group>"; };
		FD8BA9BA29E19F8C00F18661 /* ItemDTO.swift */ = {isa = PBXFileReference; lastKnownFileType = sourcecode.swift; path = ItemDTO.swift; sourceTree = "<group>"; };
		FD8BA9BC29E1A13000F18661 /* ItemListPageDTO.swift */ = {isa = PBXFileReference; lastKnownFileType = sourcecode.swift; path = ItemListPageDTO.swift; sourceTree = "<group>"; };
		FD8BA9BE29E1A9F600F18661 /* NetworkManager.swift */ = {isa = PBXFileReference; lastKnownFileType = sourcecode.swift; path = NetworkManager.swift; sourceTree = "<group>"; };
		FD8BA9C129E1AE4800F18661 /* MainContainerView.swift */ = {isa = PBXFileReference; lastKnownFileType = sourcecode.swift; path = MainContainerView.swift; sourceTree = "<group>"; };
		FD8BA9C629E1B53B00F18661 /* Item.swift */ = {isa = PBXFileReference; lastKnownFileType = sourcecode.swift; path = Item.swift; sourceTree = "<group>"; };
		FD8BA9CB29E1B84000F18661 /* API.swift */ = {isa = PBXFileReference; lastKnownFileType = sourcecode.swift; path = API.swift; sourceTree = "<group>"; };
		FD8BA9CE29E1B95D00F18661 /* OpenMarketAPIRequestProtocol.swift */ = {isa = PBXFileReference; lastKnownFileType = sourcecode.swift; path = OpenMarketAPIRequestProtocol.swift; sourceTree = "<group>"; };
		FD8BA9D229E1BAE700F18661 /* OpenMarketAPIRequestGetProtocol.swift */ = {isa = PBXFileReference; lastKnownFileType = sourcecode.swift; path = OpenMarketAPIRequestGetProtocol.swift; sourceTree = "<group>"; };
		FD8BA9D429E1BB4400F18661 /* HTTPMethod.swift */ = {isa = PBXFileReference; lastKnownFileType = sourcecode.swift; path = HTTPMethod.swift; sourceTree = "<group>"; };
		FD8BA9D629E1BC6C00F18661 /* API+LookUpItems.swift */ = {isa = PBXFileReference; lastKnownFileType = sourcecode.swift; path = "API+LookUpItems.swift"; sourceTree = "<group>"; };
		FD8BA9D929E1CBD500F18661 /* ItemListViewModel.swift */ = {isa = PBXFileReference; lastKnownFileType = sourcecode.swift; path = ItemListViewModel.swift; sourceTree = "<group>"; };
		FD8BA9DB29E1D10100F18661 /* ItemListPage.swift */ = {isa = PBXFileReference; lastKnownFileType = sourcecode.swift; path = ItemListPage.swift; sourceTree = "<group>"; };
		FD8BA9DD29E1F2D100F18661 /* DTOProtocol.swift */ = {isa = PBXFileReference; lastKnownFileType = sourcecode.swift; path = DTOProtocol.swift; sourceTree = "<group>"; };
		FD8BA9DF29E1F8AE00F18661 /* DataToEntityConverter.swift */ = {isa = PBXFileReference; lastKnownFileType = sourcecode.swift; path = DataToEntityConverter.swift; sourceTree = "<group>"; };
		FD8BA9E129E2135C00F18661 /* DateCalculator.swift */ = {isa = PBXFileReference; lastKnownFileType = sourcecode.swift; path = DateCalculator.swift; sourceTree = "<group>"; };
		FD8BA9E629E235A100F18661 /* ItemDetailView.swift */ = {isa = PBXFileReference; lastKnownFileType = sourcecode.swift; path = ItemDetailView.swift; sourceTree = "<group>"; };
		FD8BA9E829E2494C00F18661 /* ItemDetailViewModel.swift */ = {isa = PBXFileReference; lastKnownFileType = sourcecode.swift; path = ItemDetailViewModel.swift; sourceTree = "<group>"; };
		FD8BA9EA29E24AB700F18661 /* API+LookUpItemDetail.swift */ = {isa = PBXFileReference; lastKnownFileType = sourcecode.swift; path = "API+LookUpItemDetail.swift"; sourceTree = "<group>"; };
		FD8BA9EC29E2598900F18661 /* Vendor.swift */ = {isa = PBXFileReference; lastKnownFileType = sourcecode.swift; path = Vendor.swift; sourceTree = "<group>"; };
		FD8BA9EE29E259EE00F18661 /* ItemImageData.swift */ = {isa = PBXFileReference; lastKnownFileType = sourcecode.swift; path = ItemImageData.swift; sourceTree = "<group>"; };
		FD8BA9F129E299FE00F18661 /* ItemAddView.swift */ = {isa = PBXFileReference; lastKnownFileType = sourcecode.swift; path = ItemAddView.swift; sourceTree = "<group>"; };
		FD8BAA1129E2A70A00F18661 /* ImagePicker.swift */ = {isa = PBXFileReference; lastKnownFileType = sourcecode.swift; path = ImagePicker.swift; sourceTree = "<group>"; };
		FDA34D1729E2AFEF00CF96E3 /* ItemAddViewModel.swift */ = {isa = PBXFileReference; lastKnownFileType = sourcecode.swift; path = ItemAddViewModel.swift; sourceTree = "<group>"; };
		FDA34D1B29E2CF1500CF96E3 /* MultipartFormDataHandlingProtocol.swift */ = {isa = PBXFileReference; lastKnownFileType = sourcecode.swift; path = MultipartFormDataHandlingProtocol.swift; sourceTree = "<group>"; };
		FDA34D1E29E2D05100CF96E3 /* OpenMarketAPIRequestPostProtocol.swift */ = {isa = PBXFileReference; lastKnownFileType = sourcecode.swift; path = OpenMarketAPIRequestPostProtocol.swift; sourceTree = "<group>"; };
		FDA34D2029E2D16400CF96E3 /* API+AddItem.swift */ = {isa = PBXFileReference; lastKnownFileType = sourcecode.swift; path = "API+AddItem.swift"; sourceTree = "<group>"; };
		FDA34D2229E2D2CC00CF96E3 /* AddRequestItemDTO.swift */ = {isa = PBXFileReference; lastKnownFileType = sourcecode.swift; path = AddRequestItemDTO.swift; sourceTree = "<group>"; };
		FDAC09EF2A226BC300DBDDDF /* ImageManager.swift */ = {isa = PBXFileReference; lastKnownFileType = sourcecode.swift; path = ImageManager.swift; sourceTree = "<group>"; };
		FDCE20382A1D1338008CBF42 /* ItemListContainerViewModel.swift */ = {isa = PBXFileReference; lastKnownFileType = sourcecode.swift; path = ItemListContainerViewModel.swift; sourceTree = "<group>"; };
		FDCE203C2A1DAD93008CBF42 /* ItemListContainerView.swift */ = {isa = PBXFileReference; lastKnownFileType = sourcecode.swift; path = ItemListContainerView.swift; sourceTree = "<group>"; };
		FDDA463A2A1001CB003D279E /* MockCenter.swift */ = {isa = PBXFileReference; lastKnownFileType = sourcecode.swift; path = MockCenter.swift; sourceTree = "<group>"; };
		FDDA46512A13C405003D279E /* MainContainerViewModel.swift */ = {isa = PBXFileReference; lastKnownFileType = sourcecode.swift; path = MainContainerViewModel.swift; sourceTree = "<group>"; };
		FDDA46532A13C503003D279E /* LoginViewModel.swift */ = {isa = PBXFileReference; lastKnownFileType = sourcecode.swift; path = LoginViewModel.swift; sourceTree = "<group>"; };
		FDDA46572A13F001003D279E /* LoginData.swift */ = {isa = PBXFileReference; lastKnownFileType = sourcecode.swift; path = LoginData.swift; sourceTree = "<group>"; };
		FDDA46592A154574003D279E /* OpenMarketAPIService.swift */ = {isa = PBXFileReference; lastKnownFileType = sourcecode.swift; path = OpenMarketAPIService.swift; sourceTree = "<group>"; };
		FDDA465D2A16362F003D279E /* API+DeleteItem.swift */ = {isa = PBXFileReference; lastKnownFileType = sourcecode.swift; path = "API+DeleteItem.swift"; sourceTree = "<group>"; };
		FDEFB4362A1792B30051BBF1 /* ItemSearchView.swift */ = {isa = PBXFileReference; lastKnownFileType = sourcecode.swift; path = ItemSearchView.swift; sourceTree = "<group>"; };
		FDEFB4382A18CD230051BBF1 /* ItemSearchViewModel.swift */ = {isa = PBXFileReference; lastKnownFileType = sourcecode.swift; path = ItemSearchViewModel.swift; sourceTree = "<group>"; };
		FDF182092A0C11CB004EF3AF /* ItemOwner.swift */ = {isa = PBXFileReference; lastKnownFileType = sourcecode.swift; path = ItemOwner.swift; sourceTree = "<group>"; };
		FDF1820B2A0CD979004EF3AF /* OpenMarketAPIRequestPatchProtocol.swift */ = {isa = PBXFileReference; lastKnownFileType = sourcecode.swift; path = OpenMarketAPIRequestPatchProtocol.swift; sourceTree = "<group>"; };
		FDF1820D2A0CDB15004EF3AF /* API+EditItem.swift */ = {isa = PBXFileReference; lastKnownFileType = sourcecode.swift; path = "API+EditItem.swift"; sourceTree = "<group>"; };
		FDF182152A0E4C78004EF3AF /* ItemAddEditViewProtocol.swift */ = {isa = PBXFileReference; lastKnownFileType = sourcecode.swift; path = ItemAddEditViewProtocol.swift; sourceTree = "<group>"; };
		FDF182192A0EBA44004EF3AF /* ItemEditViewModel.swift */ = {isa = PBXFileReference; lastKnownFileType = sourcecode.swift; path = ItemEditViewModel.swift; sourceTree = "<group>"; };
		FDF1821B2A0EBEEB004EF3AF /* ItemAddEditViewModelProtocol.swift */ = {isa = PBXFileReference; lastKnownFileType = sourcecode.swift; path = ItemAddEditViewModelProtocol.swift; sourceTree = "<group>"; };
		FDF1821D2A0F8F99004EF3AF /* ItemEditView.swift */ = {isa = PBXFileReference; lastKnownFileType = sourcecode.swift; path = ItemEditView.swift; sourceTree = "<group>"; };
		FDF5B9552A1C496D001B78F6 /* ItemSearchResultView.swift */ = {isa = PBXFileReference; lastKnownFileType = sourcecode.swift; path = ItemSearchResultView.swift; sourceTree = "<group>"; };
/* End PBXFileReference section */

/* Begin PBXFrameworksBuildPhase section */
		FD7FA1832A2E3E4400BF9C72 /* Frameworks */ = {
			isa = PBXFrameworksBuildPhase;
			buildActionMask = 2147483647;
			files = (
			);
			runOnlyForDeploymentPostprocessing = 0;
		};
		FD8BA99E29E19CAA00F18661 /* Frameworks */ = {
			isa = PBXFrameworksBuildPhase;
			buildActionMask = 2147483647;
			files = (
			);
			runOnlyForDeploymentPostprocessing = 0;
		};
/* End PBXFrameworksBuildPhase section */

/* Begin PBXGroup section */
		FD2A1FA529E9463700A8C946 /* Login */ = {
			isa = PBXGroup;
			children = (
				FD46E88729EACA6100A93D54 /* LoginView.swift */,
				FDDA46532A13C503003D279E /* LoginViewModel.swift */,
			);
			path = Login;
			sourceTree = "<group>";
		};
		FD2CD5B129E7293300C695A2 /* MyPage */ = {
			isa = PBXGroup;
			children = (
				FD2CD5B429E7297E00C695A2 /* MyPageView.swift */,
				FD62C44029E846D4001B83ED /* MySalesHistory */,
			);
			path = MyPage;
			sourceTree = "<group>";
		};
		FD3304592A249E420053C9FF /* Extension */ = {
			isa = PBXGroup;
			children = (
				FD33045A2A249E530053C9FF /* View+Extension.swift */,
			);
			path = Extension;
			sourceTree = "<group>";
		};
		FD33045E2A249FEB0053C9FF /* Error */ = {
			isa = PBXGroup;
			children = (
				FD3304782A25087A0053C9FF /* HongdangmuErrorProtocol.swift */,
				FD33047A2A26019C0053C9FF /* ViewModelErrorHandlingProtocol.swift */,
				FD33045C2A249FE60053C9FF /* HTTPStatusCodeError.swift */,
				FD3304722A24FAD20053C9FF /* OpenMarketAPIError.swift */,
				FD3304742A2500970053C9FF /* HondangmuError.swift */,
				FD3304762A25064A0053C9FF /* BusinessLogicError.swift */,
				FD33047C2A2670060053C9FF /* ErrorLogger.swift */,
			);
			path = Error;
			sourceTree = "<group>";
		};
		FD62C44029E846D4001B83ED /* MySalesHistory */ = {
			isa = PBXGroup;
			children = (
				FD62C44529E84AE3001B83ED /* MySalesHistoryContainerView.swift */,
				FD62C44929E862DE001B83ED /* MySalesStatusTabBarView.swift */,
				FD46E88B29EAF24B00A93D54 /* MySalesHistoryContainerViewModel.swift */,
				FD46E88929EADF3400A93D54 /* MyOnSalesItemsView.swift */,
				FD823DEC29F2D3D3006A4685 /* MySoldOutItemsView.swift */,
			);
			path = MySalesHistory;
			sourceTree = "<group>";
		};
		FD62C44B29E864AB001B83ED /* Enums */ = {
			isa = PBXGroup;
			children = (
				FDF182092A0C11CB004EF3AF /* ItemOwner.swift */,
				FD62C44C29E864EC001B83ED /* SalesStatus.swift */,
			);
			path = Enums;
			sourceTree = "<group>";
		};
		FD7FA1872A2E3E4400BF9C72 /* HongdangmuMarket_Tests */ = {
			isa = PBXGroup;
			children = (
				FD7FA1882A2E3E4400BF9C72 /* HongdangmuMarket_Tests.swift */,
				FD7FA18F2A2E41CD00BF9C72 /* ItemListViewModel_Tests.swift */,
				FD7FA1912A2E423100BF9C72 /* MockOpenMarketAPIService.swift */,
				FD7FA1952A2F09E300BF9C72 /* LoginViewModel_Tests.swift */,
				FD7FA1972A2F0D3F00BF9C72 /* MockLoginData.swift */,
			);
			path = HongdangmuMarket_Tests;
			sourceTree = "<group>";
		};
		FD8BA99829E19CAA00F18661 = {
			isa = PBXGroup;
			children = (
				FDDA463A2A1001CB003D279E /* MockCenter.swift */,
				FD8BA9A329E19CAA00F18661 /* HongdangmuMarket */,
				FD7FA1872A2E3E4400BF9C72 /* HongdangmuMarket_Tests */,
				FD8BA9A229E19CAA00F18661 /* Products */,
			);
			sourceTree = "<group>";
		};
		FD8BA9A229E19CAA00F18661 /* Products */ = {
			isa = PBXGroup;
			children = (
				FD8BA9A129E19CAA00F18661 /* HongdangmuMarket.app */,
				FD7FA1862A2E3E4400BF9C72 /* HongdangmuMarket_Tests.xctest */,
			);
			name = Products;
			sourceTree = "<group>";
		};
		FD8BA9A329E19CAA00F18661 /* HongdangmuMarket */ = {
			isa = PBXGroup;
			children = (
				FD8BA9A429E19CAA00F18661 /* HongdangmuMarketApp.swift */,
				FD8BA9C429E1B32500F18661 /* Models */,
				FD8BA9B229E19E4200F18661 /* Features */,
				FD8BA9C929E1B6A100F18661 /* Helpers */,
				FD8BA9CA29E1B83500F18661 /* Networking */,
				FD8BA9A829E19CAB00F18661 /* Assets.xcassets */,
				FD8BA9AA29E19CAB00F18661 /* Preview Content */,
			);
			path = HongdangmuMarket;
			sourceTree = "<group>";
		};
		FD8BA9AA29E19CAB00F18661 /* Preview Content */ = {
			isa = PBXGroup;
			children = (
				FD8BA9AB29E19CAB00F18661 /* Preview Assets.xcassets */,
			);
			path = "Preview Content";
			sourceTree = "<group>";
		};
		FD8BA9B229E19E4200F18661 /* Features */ = {
			isa = PBXGroup;
			children = (
				FD8BA9C129E1AE4800F18661 /* MainContainerView.swift */,
				FDDA46512A13C405003D279E /* MainContainerViewModel.swift */,
				FD8BA9C029E1AE2400F18661 /* Common */,
				FD2A1FA529E9463700A8C946 /* Login */,
				FD8BA9C329E1AFFF00F18661 /* ItemList */,
				FD8BA9E329E2232000F18661 /* ItemDetail */,
				FD8BA9F029E299CF00F18661 /* ItemAdd+ItemEdit */,
				FDEFB4352A17928C0051BBF1 /* ItemSearch */,
				FDF5B9542A1C4944001B78F6 /* ItemSearchResult */,
				FD2CD5B129E7293300C695A2 /* MyPage */,
			);
			path = Features;
			sourceTree = "<group>";
		};
		FD8BA9C029E1AE2400F18661 /* Common */ = {
			isa = PBXGroup;
			children = (
				FD33045E2A249FEB0053C9FF /* Error */,
				FD3304592A249E420053C9FF /* Extension */,
				FD62C44729E857EB001B83ED /* CircleImageView.swift */,
				FD7FA17E2A2E3CD800BF9C72 /* CachedAsyncImage.swift */,
				FD7FA17C2A2E3CBF00BF9C72 /* CachedAsyncImageViewModel.swift */,
			);
			path = Common;
			sourceTree = "<group>";
		};
		FD8BA9C329E1AFFF00F18661 /* ItemList */ = {
			isa = PBXGroup;
			children = (
				FD8BA9B529E19EB600F18661 /* ItemListView.swift */,
				FD8BA9B729E19F2100F18661 /* ItemRowView.swift */,
				FD8BA9D929E1CBD500F18661 /* ItemListViewModel.swift */,
				FDCE20382A1D1338008CBF42 /* ItemListContainerViewModel.swift */,
				FDCE203C2A1DAD93008CBF42 /* ItemListContainerView.swift */,
			);
			path = ItemList;
			sourceTree = "<group>";
		};
		FD8BA9C429E1B32500F18661 /* Models */ = {
			isa = PBXGroup;
			children = (
				FD62C44B29E864AB001B83ED /* Enums */,
				FD8BA9C829E1B53F00F18661 /* Entities */,
				FD8BA9C529E1B3EB00F18661 /* DTOs */,
			);
			path = Models;
			sourceTree = "<group>";
		};
		FD8BA9C529E1B3EB00F18661 /* DTOs */ = {
			isa = PBXGroup;
			children = (
				FD8BA9DD29E1F2D100F18661 /* DTOProtocol.swift */,
				FDA34D2229E2D2CC00CF96E3 /* AddRequestItemDTO.swift */,
				FD8BA9BA29E19F8C00F18661 /* ItemDTO.swift */,
				FD8BA9BC29E1A13000F18661 /* ItemListPageDTO.swift */,
			);
			path = DTOs;
			sourceTree = "<group>";
		};
		FD8BA9C829E1B53F00F18661 /* Entities */ = {
			isa = PBXGroup;
			children = (
				FD8BA9C629E1B53B00F18661 /* Item.swift */,
				FD8BA9EE29E259EE00F18661 /* ItemImageData.swift */,
				FD8BA9DB29E1D10100F18661 /* ItemListPage.swift */,
				FD8BA9EC29E2598900F18661 /* Vendor.swift */,
			);
			path = Entities;
			sourceTree = "<group>";
		};
		FD8BA9C929E1B6A100F18661 /* Helpers */ = {
			isa = PBXGroup;
			children = (
				FD7FA17A2A2E3C7000BF9C72 /* ImageCacheManager.swift */,
				FD8BA9DF29E1F8AE00F18661 /* DataToEntityConverter.swift */,
				FD8BA9E129E2135C00F18661 /* DateCalculator.swift */,
				FD8BAA1129E2A70A00F18661 /* ImagePicker.swift */,
				FD8BA9BE29E1A9F600F18661 /* NetworkManager.swift */,
				FDDA46572A13F001003D279E /* LoginData.swift */,
				FD7FA1992A2F0EF600BF9C72 /* LoginDataProtocol.swift */,
				FDAC09EF2A226BC300DBDDDF /* ImageManager.swift */,
			);
			path = Helpers;
			sourceTree = "<group>";
		};
		FD8BA9CA29E1B83500F18661 /* Networking */ = {
			isa = PBXGroup;
			children = (
				FDDA46592A154574003D279E /* OpenMarketAPIService.swift */,
				FD7FA1802A2E3D1800BF9C72 /* OpenMarketAPIServiceProtocol.swift */,
				FDA34D1D29E2CF5B00CF96E3 /* Common */,
				FD8BA9D829E1CAE100F18661 /* API */,
				FD8BA9CD29E1B94200F18661 /* OpenMarketAPIRequests */,
			);
			path = Networking;
			sourceTree = "<group>";
		};
		FD8BA9CD29E1B94200F18661 /* OpenMarketAPIRequests */ = {
			isa = PBXGroup;
			children = (
				FD8BA9CE29E1B95D00F18661 /* OpenMarketAPIRequestProtocol.swift */,
				FD8BA9D229E1BAE700F18661 /* OpenMarketAPIRequestGetProtocol.swift */,
				FDA34D1E29E2D05100CF96E3 /* OpenMarketAPIRequestPostProtocol.swift */,
				FDF1820B2A0CD979004EF3AF /* OpenMarketAPIRequestPatchProtocol.swift */,
				FD50B9002A0972B90058BE3D /* OpenMarketAPIRequestDeleteProtocol.swift */,
			);
			path = OpenMarketAPIRequests;
			sourceTree = "<group>";
		};
		FD8BA9D829E1CAE100F18661 /* API */ = {
			isa = PBXGroup;
			children = (
				FD8BA9CB29E1B84000F18661 /* API.swift */,
				FDA34D2029E2D16400CF96E3 /* API+AddItem.swift */,
				FDF1820D2A0CDB15004EF3AF /* API+EditItem.swift */,
				FD8BA9EA29E24AB700F18661 /* API+LookUpItemDetail.swift */,
				FD8BA9D629E1BC6C00F18661 /* API+LookUpItems.swift */,
				FDDA465D2A16362F003D279E /* API+DeleteItem.swift */,
			);
			path = API;
			sourceTree = "<group>";
		};
		FD8BA9E329E2232000F18661 /* ItemDetail */ = {
			isa = PBXGroup;
			children = (
				FD8BA9E629E235A100F18661 /* ItemDetailView.swift */,
				FD8BA9E829E2494C00F18661 /* ItemDetailViewModel.swift */,
			);
			path = ItemDetail;
			sourceTree = "<group>";
		};
		FD8BA9F029E299CF00F18661 /* ItemAdd+ItemEdit */ = {
			isa = PBXGroup;
			children = (
				FDF182152A0E4C78004EF3AF /* ItemAddEditViewProtocol.swift */,
				FDF1821B2A0EBEEB004EF3AF /* ItemAddEditViewModelProtocol.swift */,
				FDDA46452A127967003D279E /* ItemAdd */,
				FDDA46462A127974003D279E /* ItemEdit */,
			);
			path = "ItemAdd+ItemEdit";
			sourceTree = "<group>";
		};
		FDA34D1D29E2CF5B00CF96E3 /* Common */ = {
			isa = PBXGroup;
			children = (
				FD8BA9D429E1BB4400F18661 /* HTTPMethod.swift */,
				FDA34D1B29E2CF1500CF96E3 /* MultipartFormDataHandlingProtocol.swift */,
			);
			path = Common;
			sourceTree = "<group>";
		};
		FDDA46452A127967003D279E /* ItemAdd */ = {
			isa = PBXGroup;
			children = (
				FD8BA9F129E299FE00F18661 /* ItemAddView.swift */,
				FDA34D1729E2AFEF00CF96E3 /* ItemAddViewModel.swift */,
			);
			path = ItemAdd;
			sourceTree = "<group>";
		};
		FDDA46462A127974003D279E /* ItemEdit */ = {
			isa = PBXGroup;
			children = (
				FDF1821D2A0F8F99004EF3AF /* ItemEditView.swift */,
				FDF182192A0EBA44004EF3AF /* ItemEditViewModel.swift */,
			);
			path = ItemEdit;
			sourceTree = "<group>";
		};
		FDEFB4352A17928C0051BBF1 /* ItemSearch */ = {
			isa = PBXGroup;
			children = (
				FDEFB4362A1792B30051BBF1 /* ItemSearchView.swift */,
				FDEFB4382A18CD230051BBF1 /* ItemSearchViewModel.swift */,
				FD0E3A252A1E0091007748C6 /* SearchPhase.swift */,
			);
			path = ItemSearch;
			sourceTree = "<group>";
		};
		FDF5B9542A1C4944001B78F6 /* ItemSearchResult */ = {
			isa = PBXGroup;
			children = (
				FDF5B9552A1C496D001B78F6 /* ItemSearchResultView.swift */,
			);
			path = ItemSearchResult;
			sourceTree = "<group>";
		};
/* End PBXGroup section */

/* Begin PBXNativeTarget section */
		FD7FA1852A2E3E4400BF9C72 /* HongdangmuMarket_Tests */ = {
			isa = PBXNativeTarget;
			buildConfigurationList = FD7FA18C2A2E3E4400BF9C72 /* Build configuration list for PBXNativeTarget "HongdangmuMarket_Tests" */;
			buildPhases = (
				FD7FA1822A2E3E4400BF9C72 /* Sources */,
				FD7FA1832A2E3E4400BF9C72 /* Frameworks */,
				FD7FA1842A2E3E4400BF9C72 /* Resources */,
			);
			buildRules = (
			);
			dependencies = (
				FD7FA18B2A2E3E4400BF9C72 /* PBXTargetDependency */,
			);
			name = HongdangmuMarket_Tests;
			productName = HongdangmuMarket_Tests;
			productReference = FD7FA1862A2E3E4400BF9C72 /* HongdangmuMarket_Tests.xctest */;
			productType = "com.apple.product-type.bundle.unit-test";
		};
		FD8BA9A029E19CAA00F18661 /* HongdangmuMarket */ = {
			isa = PBXNativeTarget;
			buildConfigurationList = FD8BA9AF29E19CAB00F18661 /* Build configuration list for PBXNativeTarget "HongdangmuMarket" */;
			buildPhases = (
				FD8BA99D29E19CAA00F18661 /* Sources */,
				FD8BA99E29E19CAA00F18661 /* Frameworks */,
				FD8BA99F29E19CAA00F18661 /* Resources */,
			);
			buildRules = (
			);
			dependencies = (
			);
			name = HongdangmuMarket;
			productName = HongdangmuMarket;
			productReference = FD8BA9A129E19CAA00F18661 /* HongdangmuMarket.app */;
			productType = "com.apple.product-type.application";
		};
/* End PBXNativeTarget section */

/* Begin PBXProject section */
		FD8BA99929E19CAA00F18661 /* Project object */ = {
			isa = PBXProject;
			attributes = {
				BuildIndependentTargetsInParallel = 1;
				LastSwiftUpdateCheck = 1430;
				LastUpgradeCheck = 1430;
				TargetAttributes = {
					FD7FA1852A2E3E4400BF9C72 = {
						CreatedOnToolsVersion = 14.3.1;
						TestTargetID = FD8BA9A029E19CAA00F18661;
					};
					FD8BA9A029E19CAA00F18661 = {
						CreatedOnToolsVersion = 14.3;
					};
				};
			};
			buildConfigurationList = FD8BA99C29E19CAA00F18661 /* Build configuration list for PBXProject "HongdangmuMarket" */;
			compatibilityVersion = "Xcode 14.0";
			developmentRegion = en;
			hasScannedForEncodings = 0;
			knownRegions = (
				en,
				Base,
			);
			mainGroup = FD8BA99829E19CAA00F18661;
			productRefGroup = FD8BA9A229E19CAA00F18661 /* Products */;
			projectDirPath = "";
			projectRoot = "";
			targets = (
				FD8BA9A029E19CAA00F18661 /* HongdangmuMarket */,
				FD7FA1852A2E3E4400BF9C72 /* HongdangmuMarket_Tests */,
			);
		};
/* End PBXProject section */

/* Begin PBXResourcesBuildPhase section */
		FD7FA1842A2E3E4400BF9C72 /* Resources */ = {
			isa = PBXResourcesBuildPhase;
			buildActionMask = 2147483647;
			files = (
			);
			runOnlyForDeploymentPostprocessing = 0;
		};
		FD8BA99F29E19CAA00F18661 /* Resources */ = {
			isa = PBXResourcesBuildPhase;
			buildActionMask = 2147483647;
			files = (
				FD8BA9AC29E19CAB00F18661 /* Preview Assets.xcassets in Resources */,
				FD8BA9A929E19CAB00F18661 /* Assets.xcassets in Resources */,
			);
			runOnlyForDeploymentPostprocessing = 0;
		};
/* End PBXResourcesBuildPhase section */

/* Begin PBXSourcesBuildPhase section */
		FD7FA1822A2E3E4400BF9C72 /* Sources */ = {
			isa = PBXSourcesBuildPhase;
			buildActionMask = 2147483647;
			files = (
				FD7FA1962A2F09E300BF9C72 /* LoginViewModel_Tests.swift in Sources */,
				FD7FA1982A2F0D3F00BF9C72 /* MockLoginData.swift in Sources */,
				FD7FA1922A2E423100BF9C72 /* MockOpenMarketAPIService.swift in Sources */,
				FD7FA1892A2E3E4400BF9C72 /* HongdangmuMarket_Tests.swift in Sources */,
				FD7FA1902A2E41CD00BF9C72 /* ItemListViewModel_Tests.swift in Sources */,
			);
			runOnlyForDeploymentPostprocessing = 0;
		};
		FD8BA99D29E19CAA00F18661 /* Sources */ = {
			isa = PBXSourcesBuildPhase;
			buildActionMask = 2147483647;
			files = (
				FD7FA1812A2E3D1800BF9C72 /* OpenMarketAPIServiceProtocol.swift in Sources */,
				FDF1820A2A0C11CB004EF3AF /* ItemOwner.swift in Sources */,
				FD8BA9E729E235A100F18661 /* ItemDetailView.swift in Sources */,
				FD8BA9BB29E19F8C00F18661 /* ItemDTO.swift in Sources */,
				FDDA463B2A1001CB003D279E /* MockCenter.swift in Sources */,
				FDDA465E2A16362F003D279E /* API+DeleteItem.swift in Sources */,
				FD8BAA1229E2A70A00F18661 /* ImagePicker.swift in Sources */,
				FDDA46522A13C405003D279E /* MainContainerViewModel.swift in Sources */,
				FD8BA9C729E1B53B00F18661 /* Item.swift in Sources */,
				FDF1821A2A0EBA44004EF3AF /* ItemEditViewModel.swift in Sources */,
				FDDA46542A13C503003D279E /* LoginViewModel.swift in Sources */,
				FD8BA9CF29E1B95D00F18661 /* OpenMarketAPIRequestProtocol.swift in Sources */,
				FDDA465A2A154574003D279E /* OpenMarketAPIService.swift in Sources */,
				FD8BA9EF29E259EE00F18661 /* ItemImageData.swift in Sources */,
				FD7FA19A2A2F0EF600BF9C72 /* LoginDataProtocol.swift in Sources */,
				FD3304732A24FAD20053C9FF /* OpenMarketAPIError.swift in Sources */,
				FD8BA9BD29E1A13000F18661 /* ItemListPageDTO.swift in Sources */,
				FD7FA17F2A2E3CD800BF9C72 /* CachedAsyncImage.swift in Sources */,
				FDA34D1829E2AFEF00CF96E3 /* ItemAddViewModel.swift in Sources */,
				FD8BA9DC29E1D10100F18661 /* ItemListPage.swift in Sources */,
				FD50B9012A0972B90058BE3D /* OpenMarketAPIRequestDeleteProtocol.swift in Sources */,
				FD46E88A29EADF3400A93D54 /* MyOnSalesItemsView.swift in Sources */,
				FD8BA9CC29E1B84000F18661 /* API.swift in Sources */,
				FDA34D2129E2D16400CF96E3 /* API+AddItem.swift in Sources */,
				FD8BA9BF29E1A9F600F18661 /* NetworkManager.swift in Sources */,
				FDF1820C2A0CD979004EF3AF /* OpenMarketAPIRequestPatchProtocol.swift in Sources */,
				FDF5B9562A1C496D001B78F6 /* ItemSearchResultView.swift in Sources */,
				FD8BA9DA29E1CBD500F18661 /* ItemListViewModel.swift in Sources */,
				FD46E88C29EAF24B00A93D54 /* MySalesHistoryContainerViewModel.swift in Sources */,
				FD8BA9B629E19EB600F18661 /* ItemListView.swift in Sources */,
				FD8BA9C229E1AE4800F18661 /* MainContainerView.swift in Sources */,
				FD46E88829EACA6100A93D54 /* LoginView.swift in Sources */,
				FD8BA9B829E19F2100F18661 /* ItemRowView.swift in Sources */,
				FD8BA9DE29E1F2D100F18661 /* DTOProtocol.swift in Sources */,
				FD33045D2A249FE60053C9FF /* HTTPStatusCodeError.swift in Sources */,
				FD3304772A25064A0053C9FF /* BusinessLogicError.swift in Sources */,
				FD62C44A29E862DE001B83ED /* MySalesStatusTabBarView.swift in Sources */,
				FDA34D1C29E2CF1500CF96E3 /* MultipartFormDataHandlingProtocol.swift in Sources */,
				FDDA46582A13F001003D279E /* LoginData.swift in Sources */,
				FDA34D2329E2D2CC00CF96E3 /* AddRequestItemDTO.swift in Sources */,
				FDEFB4372A1792B30051BBF1 /* ItemSearchView.swift in Sources */,
				FDF1821C2A0EBEEB004EF3AF /* ItemAddEditViewModelProtocol.swift in Sources */,
				FD8BA9D529E1BB4400F18661 /* HTTPMethod.swift in Sources */,
				FDEFB4392A18CD230051BBF1 /* ItemSearchViewModel.swift in Sources */,
				FDF1821E2A0F8F99004EF3AF /* ItemEditView.swift in Sources */,
				FD823DED29F2D3D3006A4685 /* MySoldOutItemsView.swift in Sources */,
				FD8BA9A529E19CAA00F18661 /* HongdangmuMarketApp.swift in Sources */,
				FDF182162A0E4C78004EF3AF /* ItemAddEditViewProtocol.swift in Sources */,
				FD8BA9D329E1BAE700F18661 /* OpenMarketAPIRequestGetProtocol.swift in Sources */,
				FD8BA9ED29E2598900F18661 /* Vendor.swift in Sources */,
				FD2CD5B529E7297E00C695A2 /* MyPageView.swift in Sources */,
				FD8BA9D729E1BC6C00F18661 /* API+LookUpItems.swift in Sources */,
				FD0E3A262A1E0091007748C6 /* SearchPhase.swift in Sources */,
				FDA34D1F29E2D05100CF96E3 /* OpenMarketAPIRequestPostProtocol.swift in Sources */,
				FD33047B2A26019C0053C9FF /* ViewModelErrorHandlingProtocol.swift in Sources */,
				FD8BA9EB29E24AB700F18661 /* API+LookUpItemDetail.swift in Sources */,
				FD7FA17D2A2E3CBF00BF9C72 /* CachedAsyncImageViewModel.swift in Sources */,
				FD3304792A25087A0053C9FF /* HongdangmuErrorProtocol.swift in Sources */,
				FD33047D2A2670060053C9FF /* ErrorLogger.swift in Sources */,
				FD62C44829E857EB001B83ED /* CircleImageView.swift in Sources */,
				FD8BA9E029E1F8AE00F18661 /* DataToEntityConverter.swift in Sources */,
				FD8BA9E929E2494C00F18661 /* ItemDetailViewModel.swift in Sources */,
				FDCE20392A1D1338008CBF42 /* ItemListContainerViewModel.swift in Sources */,
				FDCE203D2A1DAD93008CBF42 /* ItemListContainerView.swift in Sources */,
				FDF1820E2A0CDB15004EF3AF /* API+EditItem.swift in Sources */,
				FD3304752A2500970053C9FF /* HondangmuError.swift in Sources */,
				FD8BA9E229E2135C00F18661 /* DateCalculator.swift in Sources */,
				FDAC09F02A226BC300DBDDDF /* ImageManager.swift in Sources */,
				FD62C44D29E864EC001B83ED /* SalesStatus.swift in Sources */,
				FD62C44629E84AE3001B83ED /* MySalesHistoryContainerView.swift in Sources */,
				FD33045B2A249E530053C9FF /* View+Extension.swift in Sources */,
				FD8BA9F229E299FE00F18661 /* ItemAddView.swift in Sources */,
				FD7FA17B2A2E3C7000BF9C72 /* ImageCacheManager.swift in Sources */,
			);
			runOnlyForDeploymentPostprocessing = 0;
		};
/* End PBXSourcesBuildPhase section */

/* Begin PBXTargetDependency section */
		FD7FA18B2A2E3E4400BF9C72 /* PBXTargetDependency */ = {
			isa = PBXTargetDependency;
			target = FD8BA9A029E19CAA00F18661 /* HongdangmuMarket */;
			targetProxy = FD7FA18A2A2E3E4400BF9C72 /* PBXContainerItemProxy */;
		};
/* End PBXTargetDependency section */

/* Begin XCBuildConfiguration section */
		FD7FA18D2A2E3E4400BF9C72 /* Debug */ = {
			isa = XCBuildConfiguration;
			buildSettings = {
				BUNDLE_LOADER = "$(TEST_HOST)";
				CODE_SIGN_STYLE = Automatic;
				CURRENT_PROJECT_VERSION = 1;
				DEVELOPMENT_TEAM = 4K2FDLWHBL;
				GENERATE_INFOPLIST_FILE = YES;
				IPHONEOS_DEPLOYMENT_TARGET = 16.4;
				MACOSX_DEPLOYMENT_TARGET = 13.3;
				MARKETING_VERSION = 1.0;
				PRODUCT_BUNDLE_IDENTIFIER = "io.minsson.HongdangmuMarket-Tests";
				PRODUCT_NAME = "$(TARGET_NAME)";
				SDKROOT = auto;
				SUPPORTED_PLATFORMS = "iphoneos iphonesimulator macosx";
				SWIFT_EMIT_LOC_STRINGS = NO;
				SWIFT_VERSION = 5.0;
				TARGETED_DEVICE_FAMILY = "1,2";
				TEST_HOST = "$(BUILT_PRODUCTS_DIR)/HongdangmuMarket.app/$(BUNDLE_EXECUTABLE_FOLDER_PATH)/HongdangmuMarket";
			};
			name = Debug;
		};
		FD7FA18E2A2E3E4400BF9C72 /* Release */ = {
			isa = XCBuildConfiguration;
			buildSettings = {
				BUNDLE_LOADER = "$(TEST_HOST)";
				CODE_SIGN_STYLE = Automatic;
				CURRENT_PROJECT_VERSION = 1;
				DEVELOPMENT_TEAM = 4K2FDLWHBL;
				GENERATE_INFOPLIST_FILE = YES;
				IPHONEOS_DEPLOYMENT_TARGET = 16.4;
				MACOSX_DEPLOYMENT_TARGET = 13.3;
				MARKETING_VERSION = 1.0;
				PRODUCT_BUNDLE_IDENTIFIER = "io.minsson.HongdangmuMarket-Tests";
				PRODUCT_NAME = "$(TARGET_NAME)";
				SDKROOT = auto;
				SUPPORTED_PLATFORMS = "iphoneos iphonesimulator macosx";
				SWIFT_EMIT_LOC_STRINGS = NO;
				SWIFT_VERSION = 5.0;
				TARGETED_DEVICE_FAMILY = "1,2";
				TEST_HOST = "$(BUILT_PRODUCTS_DIR)/HongdangmuMarket.app/$(BUNDLE_EXECUTABLE_FOLDER_PATH)/HongdangmuMarket";
			};
			name = Release;
		};
		FD8BA9AD29E19CAB00F18661 /* Debug */ = {
			isa = XCBuildConfiguration;
			buildSettings = {
				ALWAYS_SEARCH_USER_PATHS = NO;
				CLANG_ANALYZER_NONNULL = YES;
				CLANG_ANALYZER_NUMBER_OBJECT_CONVERSION = YES_AGGRESSIVE;
				CLANG_CXX_LANGUAGE_STANDARD = "gnu++20";
				CLANG_ENABLE_MODULES = YES;
				CLANG_ENABLE_OBJC_ARC = YES;
				CLANG_ENABLE_OBJC_WEAK = YES;
				CLANG_WARN_BLOCK_CAPTURE_AUTORELEASING = YES;
				CLANG_WARN_BOOL_CONVERSION = YES;
				CLANG_WARN_COMMA = YES;
				CLANG_WARN_CONSTANT_CONVERSION = YES;
				CLANG_WARN_DEPRECATED_OBJC_IMPLEMENTATIONS = YES;
				CLANG_WARN_DIRECT_OBJC_ISA_USAGE = YES_ERROR;
				CLANG_WARN_DOCUMENTATION_COMMENTS = YES;
				CLANG_WARN_EMPTY_BODY = YES;
				CLANG_WARN_ENUM_CONVERSION = YES;
				CLANG_WARN_INFINITE_RECURSION = YES;
				CLANG_WARN_INT_CONVERSION = YES;
				CLANG_WARN_NON_LITERAL_NULL_CONVERSION = YES;
				CLANG_WARN_OBJC_IMPLICIT_RETAIN_SELF = YES;
				CLANG_WARN_OBJC_LITERAL_CONVERSION = YES;
				CLANG_WARN_OBJC_ROOT_CLASS = YES_ERROR;
				CLANG_WARN_QUOTED_INCLUDE_IN_FRAMEWORK_HEADER = YES;
				CLANG_WARN_RANGE_LOOP_ANALYSIS = YES;
				CLANG_WARN_STRICT_PROTOTYPES = YES;
				CLANG_WARN_SUSPICIOUS_MOVE = YES;
				CLANG_WARN_UNGUARDED_AVAILABILITY = YES_AGGRESSIVE;
				CLANG_WARN_UNREACHABLE_CODE = YES;
				CLANG_WARN__DUPLICATE_METHOD_MATCH = YES;
				COPY_PHASE_STRIP = NO;
				DEBUG_INFORMATION_FORMAT = dwarf;
				ENABLE_STRICT_OBJC_MSGSEND = YES;
				ENABLE_TESTABILITY = YES;
				GCC_C_LANGUAGE_STANDARD = gnu11;
				GCC_DYNAMIC_NO_PIC = NO;
				GCC_NO_COMMON_BLOCKS = YES;
				GCC_OPTIMIZATION_LEVEL = 0;
				GCC_PREPROCESSOR_DEFINITIONS = (
					"DEBUG=1",
					"$(inherited)",
				);
				GCC_WARN_64_TO_32_BIT_CONVERSION = YES;
				GCC_WARN_ABOUT_RETURN_TYPE = YES_ERROR;
				GCC_WARN_UNDECLARED_SELECTOR = YES;
				GCC_WARN_UNINITIALIZED_AUTOS = YES_AGGRESSIVE;
				GCC_WARN_UNUSED_FUNCTION = YES;
				GCC_WARN_UNUSED_VARIABLE = YES;
				IPHONEOS_DEPLOYMENT_TARGET = 16.4;
				MTL_ENABLE_DEBUG_INFO = INCLUDE_SOURCE;
				MTL_FAST_MATH = YES;
				ONLY_ACTIVE_ARCH = YES;
				SDKROOT = iphoneos;
				SWIFT_ACTIVE_COMPILATION_CONDITIONS = DEBUG;
				SWIFT_OPTIMIZATION_LEVEL = "-Onone";
			};
			name = Debug;
		};
		FD8BA9AE29E19CAB00F18661 /* Release */ = {
			isa = XCBuildConfiguration;
			buildSettings = {
				ALWAYS_SEARCH_USER_PATHS = NO;
				CLANG_ANALYZER_NONNULL = YES;
				CLANG_ANALYZER_NUMBER_OBJECT_CONVERSION = YES_AGGRESSIVE;
				CLANG_CXX_LANGUAGE_STANDARD = "gnu++20";
				CLANG_ENABLE_MODULES = YES;
				CLANG_ENABLE_OBJC_ARC = YES;
				CLANG_ENABLE_OBJC_WEAK = YES;
				CLANG_WARN_BLOCK_CAPTURE_AUTORELEASING = YES;
				CLANG_WARN_BOOL_CONVERSION = YES;
				CLANG_WARN_COMMA = YES;
				CLANG_WARN_CONSTANT_CONVERSION = YES;
				CLANG_WARN_DEPRECATED_OBJC_IMPLEMENTATIONS = YES;
				CLANG_WARN_DIRECT_OBJC_ISA_USAGE = YES_ERROR;
				CLANG_WARN_DOCUMENTATION_COMMENTS = YES;
				CLANG_WARN_EMPTY_BODY = YES;
				CLANG_WARN_ENUM_CONVERSION = YES;
				CLANG_WARN_INFINITE_RECURSION = YES;
				CLANG_WARN_INT_CONVERSION = YES;
				CLANG_WARN_NON_LITERAL_NULL_CONVERSION = YES;
				CLANG_WARN_OBJC_IMPLICIT_RETAIN_SELF = YES;
				CLANG_WARN_OBJC_LITERAL_CONVERSION = YES;
				CLANG_WARN_OBJC_ROOT_CLASS = YES_ERROR;
				CLANG_WARN_QUOTED_INCLUDE_IN_FRAMEWORK_HEADER = YES;
				CLANG_WARN_RANGE_LOOP_ANALYSIS = YES;
				CLANG_WARN_STRICT_PROTOTYPES = YES;
				CLANG_WARN_SUSPICIOUS_MOVE = YES;
				CLANG_WARN_UNGUARDED_AVAILABILITY = YES_AGGRESSIVE;
				CLANG_WARN_UNREACHABLE_CODE = YES;
				CLANG_WARN__DUPLICATE_METHOD_MATCH = YES;
				COPY_PHASE_STRIP = NO;
				DEBUG_INFORMATION_FORMAT = "dwarf-with-dsym";
				ENABLE_NS_ASSERTIONS = NO;
				ENABLE_STRICT_OBJC_MSGSEND = YES;
				GCC_C_LANGUAGE_STANDARD = gnu11;
				GCC_NO_COMMON_BLOCKS = YES;
				GCC_WARN_64_TO_32_BIT_CONVERSION = YES;
				GCC_WARN_ABOUT_RETURN_TYPE = YES_ERROR;
				GCC_WARN_UNDECLARED_SELECTOR = YES;
				GCC_WARN_UNINITIALIZED_AUTOS = YES_AGGRESSIVE;
				GCC_WARN_UNUSED_FUNCTION = YES;
				GCC_WARN_UNUSED_VARIABLE = YES;
				IPHONEOS_DEPLOYMENT_TARGET = 16.4;
				MTL_ENABLE_DEBUG_INFO = NO;
				MTL_FAST_MATH = YES;
				SDKROOT = iphoneos;
				SWIFT_COMPILATION_MODE = wholemodule;
				SWIFT_OPTIMIZATION_LEVEL = "-O";
				VALIDATE_PRODUCT = YES;
			};
			name = Release;
		};
		FD8BA9B029E19CAB00F18661 /* Debug */ = {
			isa = XCBuildConfiguration;
			buildSettings = {
				ASSETCATALOG_COMPILER_APPICON_NAME = AppIcon;
				ASSETCATALOG_COMPILER_GLOBAL_ACCENT_COLOR_NAME = AccentColor;
				CODE_SIGN_STYLE = Automatic;
				CURRENT_PROJECT_VERSION = 1;
				DEVELOPMENT_ASSET_PATHS = "\"HongdangmuMarket/Preview Content\"";
				DEVELOPMENT_TEAM = 4K2FDLWHBL;
				ENABLE_PREVIEWS = YES;
				GENERATE_INFOPLIST_FILE = YES;
				INFOPLIST_KEY_UIApplicationSceneManifest_Generation = YES;
				INFOPLIST_KEY_UIApplicationSupportsIndirectInputEvents = YES;
				INFOPLIST_KEY_UILaunchScreen_Generation = YES;
				INFOPLIST_KEY_UISupportedInterfaceOrientations_iPad = "UIInterfaceOrientationPortrait UIInterfaceOrientationPortraitUpsideDown UIInterfaceOrientationLandscapeLeft UIInterfaceOrientationLandscapeRight";
				INFOPLIST_KEY_UISupportedInterfaceOrientations_iPhone = "UIInterfaceOrientationPortrait UIInterfaceOrientationLandscapeLeft UIInterfaceOrientationLandscapeRight";
				IPHONEOS_DEPLOYMENT_TARGET = 15.0;
				LD_RUNPATH_SEARCH_PATHS = (
					"$(inherited)",
					"@executable_path/Frameworks",
				);
				MARKETING_VERSION = 1.0;
				PRODUCT_BUNDLE_IDENTIFIER = io.minsson.HongdangmuMarket;
				PRODUCT_NAME = "$(TARGET_NAME)";
				SWIFT_EMIT_LOC_STRINGS = YES;
				SWIFT_VERSION = 5.0;
				TARGETED_DEVICE_FAMILY = "1,2";
			};
			name = Debug;
		};
		FD8BA9B129E19CAB00F18661 /* Release */ = {
			isa = XCBuildConfiguration;
			buildSettings = {
				ASSETCATALOG_COMPILER_APPICON_NAME = AppIcon;
				ASSETCATALOG_COMPILER_GLOBAL_ACCENT_COLOR_NAME = AccentColor;
				CODE_SIGN_STYLE = Automatic;
				CURRENT_PROJECT_VERSION = 1;
				DEVELOPMENT_ASSET_PATHS = "\"HongdangmuMarket/Preview Content\"";
				DEVELOPMENT_TEAM = 4K2FDLWHBL;
				ENABLE_PREVIEWS = YES;
				GENERATE_INFOPLIST_FILE = YES;
				INFOPLIST_KEY_UIApplicationSceneManifest_Generation = YES;
				INFOPLIST_KEY_UIApplicationSupportsIndirectInputEvents = YES;
				INFOPLIST_KEY_UILaunchScreen_Generation = YES;
				INFOPLIST_KEY_UISupportedInterfaceOrientations_iPad = "UIInterfaceOrientationPortrait UIInterfaceOrientationPortraitUpsideDown UIInterfaceOrientationLandscapeLeft UIInterfaceOrientationLandscapeRight";
				INFOPLIST_KEY_UISupportedInterfaceOrientations_iPhone = "UIInterfaceOrientationPortrait UIInterfaceOrientationLandscapeLeft UIInterfaceOrientationLandscapeRight";
				IPHONEOS_DEPLOYMENT_TARGET = 15.0;
				LD_RUNPATH_SEARCH_PATHS = (
					"$(inherited)",
					"@executable_path/Frameworks",
				);
				MARKETING_VERSION = 1.0;
				PRODUCT_BUNDLE_IDENTIFIER = io.minsson.HongdangmuMarket;
				PRODUCT_NAME = "$(TARGET_NAME)";
				SWIFT_EMIT_LOC_STRINGS = YES;
				SWIFT_VERSION = 5.0;
				TARGETED_DEVICE_FAMILY = "1,2";
			};
			name = Release;
		};
/* End XCBuildConfiguration section */

/* Begin XCConfigurationList section */
		FD7FA18C2A2E3E4400BF9C72 /* Build configuration list for PBXNativeTarget "HongdangmuMarket_Tests" */ = {
			isa = XCConfigurationList;
			buildConfigurations = (
				FD7FA18D2A2E3E4400BF9C72 /* Debug */,
				FD7FA18E2A2E3E4400BF9C72 /* Release */,
			);
			defaultConfigurationIsVisible = 0;
			defaultConfigurationName = Release;
		};
		FD8BA99C29E19CAA00F18661 /* Build configuration list for PBXProject "HongdangmuMarket" */ = {
			isa = XCConfigurationList;
			buildConfigurations = (
				FD8BA9AD29E19CAB00F18661 /* Debug */,
				FD8BA9AE29E19CAB00F18661 /* Release */,
			);
			defaultConfigurationIsVisible = 0;
			defaultConfigurationName = Release;
		};
		FD8BA9AF29E19CAB00F18661 /* Build configuration list for PBXNativeTarget "HongdangmuMarket" */ = {
			isa = XCConfigurationList;
			buildConfigurations = (
				FD8BA9B029E19CAB00F18661 /* Debug */,
				FD8BA9B129E19CAB00F18661 /* Release */,
			);
			defaultConfigurationIsVisible = 0;
			defaultConfigurationName = Release;
		};
/* End XCConfigurationList section */
	};
	rootObject = FD8BA99929E19CAA00F18661 /* Project object */;
}
