// !$*UTF8*$!
{
	archiveVersion = 1;
	classes = {
	};
	objectVersion = 56;
	objects = {

/* Begin PBXBuildFile section */
		FD8BA9A529E19CAA00F18661 /* HongdangmuMarketApp.swift in Sources */ = {isa = PBXBuildFile; fileRef = FD8BA9A429E19CAA00F18661 /* HongdangmuMarketApp.swift */; };
		FD8BA9A929E19CAB00F18661 /* Assets.xcassets in Resources */ = {isa = PBXBuildFile; fileRef = FD8BA9A829E19CAB00F18661 /* Assets.xcassets */; };
		FD8BA9AC29E19CAB00F18661 /* Preview Assets.xcassets in Resources */ = {isa = PBXBuildFile; fileRef = FD8BA9AB29E19CAB00F18661 /* Preview Assets.xcassets */; };
		FD8BA9B629E19EB600F18661 /* ItemListView.swift in Sources */ = {isa = PBXBuildFile; fileRef = FD8BA9B529E19EB600F18661 /* ItemListView.swift */; };
		FD8BA9B829E19F2100F18661 /* ItemRowView.swift in Sources */ = {isa = PBXBuildFile; fileRef = FD8BA9B729E19F2100F18661 /* ItemRowView.swift */; };
		FD8BA9BB29E19F8C00F18661 /* ItemDTO.swift in Sources */ = {isa = PBXBuildFile; fileRef = FD8BA9BA29E19F8C00F18661 /* ItemDTO.swift */; };
		FD8BA9BD29E1A13000F18661 /* ItemListPageDTO.swift in Sources */ = {isa = PBXBuildFile; fileRef = FD8BA9BC29E1A13000F18661 /* ItemListPageDTO.swift */; };
		FD8BA9BF29E1A9F600F18661 /* NetworkManager.swift in Sources */ = {isa = PBXBuildFile; fileRef = FD8BA9BE29E1A9F600F18661 /* NetworkManager.swift */; };
		FD8BA9C229E1AE4800F18661 /* MainContainerView.swift in Sources */ = {isa = PBXBuildFile; fileRef = FD8BA9C129E1AE4800F18661 /* MainContainerView.swift */; };
		FD8BA9C729E1B53B00F18661 /* Item.swift in Sources */ = {isa = PBXBuildFile; fileRef = FD8BA9C629E1B53B00F18661 /* Item.swift */; };
		FD8BA9CC29E1B84000F18661 /* API.swift in Sources */ = {isa = PBXBuildFile; fileRef = FD8BA9CB29E1B84000F18661 /* API.swift */; };
		FD8BA9CF29E1B95D00F18661 /* OpenMarketAPIRequestProtocol.swift in Sources */ = {isa = PBXBuildFile; fileRef = FD8BA9CE29E1B95D00F18661 /* OpenMarketAPIRequestProtocol.swift */; };
		FD8BA9D329E1BAE700F18661 /* OpenMarketAPIRequestGetProtocol.swift in Sources */ = {isa = PBXBuildFile; fileRef = FD8BA9D229E1BAE700F18661 /* OpenMarketAPIRequestGetProtocol.swift */; };
		FD8BA9D529E1BB4400F18661 /* HTTPMethod.swift in Sources */ = {isa = PBXBuildFile; fileRef = FD8BA9D429E1BB4400F18661 /* HTTPMethod.swift */; };
		FD8BA9D729E1BC6C00F18661 /* API+LookUpItems.swift in Sources */ = {isa = PBXBuildFile; fileRef = FD8BA9D629E1BC6C00F18661 /* API+LookUpItems.swift */; };
		FD8BA9DA29E1CBD500F18661 /* ItemListViewModel.swift in Sources */ = {isa = PBXBuildFile; fileRef = FD8BA9D929E1CBD500F18661 /* ItemListViewModel.swift */; };
		FD8BA9DC29E1D10100F18661 /* ItemListPage.swift in Sources */ = {isa = PBXBuildFile; fileRef = FD8BA9DB29E1D10100F18661 /* ItemListPage.swift */; };
		FD8BA9DE29E1F2D100F18661 /* DTOProtocol.swift in Sources */ = {isa = PBXBuildFile; fileRef = FD8BA9DD29E1F2D100F18661 /* DTOProtocol.swift */; };
		FD8BA9E029E1F8AE00F18661 /* DataToEntityConverter.swift in Sources */ = {isa = PBXBuildFile; fileRef = FD8BA9DF29E1F8AE00F18661 /* DataToEntityConverter.swift */; };
		FD8BA9E229E2135C00F18661 /* DateCalculator.swift in Sources */ = {isa = PBXBuildFile; fileRef = FD8BA9E129E2135C00F18661 /* DateCalculator.swift */; };
		FD8BA9E729E235A100F18661 /* ItemDetailView.swift in Sources */ = {isa = PBXBuildFile; fileRef = FD8BA9E629E235A100F18661 /* ItemDetailView.swift */; };
		FD8BA9E929E2494C00F18661 /* ItemDetailViewModel.swift in Sources */ = {isa = PBXBuildFile; fileRef = FD8BA9E829E2494C00F18661 /* ItemDetailViewModel.swift */; };
		FD8BA9EB29E24AB700F18661 /* API+LookUpItemDetail.swift in Sources */ = {isa = PBXBuildFile; fileRef = FD8BA9EA29E24AB700F18661 /* API+LookUpItemDetail.swift */; };
		FD8BA9ED29E2598900F18661 /* Vendor.swift in Sources */ = {isa = PBXBuildFile; fileRef = FD8BA9EC29E2598900F18661 /* Vendor.swift */; };
/* End PBXBuildFile section */

/* Begin PBXFileReference section */
		FD8BA9A129E19CAA00F18661 /* HongdangmuMarket.app */ = {isa = PBXFileReference; explicitFileType = wrapper.application; includeInIndex = 0; path = HongdangmuMarket.app; sourceTree = BUILT_PRODUCTS_DIR; };
		FD8BA9A429E19CAA00F18661 /* HongdangmuMarketApp.swift */ = {isa = PBXFileReference; lastKnownFileType = sourcecode.swift; path = HongdangmuMarketApp.swift; sourceTree = "<group>"; };
		FD8BA9A829E19CAB00F18661 /* Assets.xcassets */ = {isa = PBXFileReference; lastKnownFileType = folder.assetcatalog; path = Assets.xcassets; sourceTree = "<group>"; };
		FD8BA9AB29E19CAB00F18661 /* Preview Assets.xcassets */ = {isa = PBXFileReference; lastKnownFileType = folder.assetcatalog; path = "Preview Assets.xcassets"; sourceTree = "<group>"; };
		FD8BA9B529E19EB600F18661 /* ItemListView.swift */ = {isa = PBXFileReference; lastKnownFileType = sourcecode.swift; path = ItemListView.swift; sourceTree = "<group>"; };
		FD8BA9B729E19F2100F18661 /* ItemRowView.swift */ = {isa = PBXFileReference; lastKnownFileType = sourcecode.swift; path = ItemRowView.swift; sourceTree = "<group>"; };
		FD8BA9BA29E19F8C00F18661 /* ItemDTO.swift */ = {isa = PBXFileReference; lastKnownFileType = sourcecode.swift; path = ItemDTO.swift; sourceTree = "<group>"; };
		FD8BA9BC29E1A13000F18661 /* ItemListPageDTO.swift */ = {isa = PBXFileReference; lastKnownFileType = sourcecode.swift; path = ItemListPageDTO.swift; sourceTree = "<group>"; };
		FD8BA9BE29E1A9F600F18661 /* NetworkManager.swift */ = {isa = PBXFileReference; lastKnownFileType = sourcecode.swift; path = NetworkManager.swift; sourceTree = "<group>"; };
		FD8BA9C129E1AE4800F18661 /* MainContainerView.swift */ = {isa = PBXFileReference; lastKnownFileType = sourcecode.swift; path = MainContainerView.swift; sourceTree = "<group>"; };
		FD8BA9C629E1B53B00F18661 /* Item.swift */ = {isa = PBXFileReference; lastKnownFileType = sourcecode.swift; path = Item.swift; sourceTree = "<group>"; };
		FD8BA9CB29E1B84000F18661 /* API.swift */ = {isa = PBXFileReference; lastKnownFileType = sourcecode.swift; path = API.swift; sourceTree = "<group>"; };
		FD8BA9CE29E1B95D00F18661 /* OpenMarketAPIRequestProtocol.swift */ = {isa = PBXFileReference; lastKnownFileType = sourcecode.swift; path = OpenMarketAPIRequestProtocol.swift; sourceTree = "<group>"; };
		FD8BA9D229E1BAE700F18661 /* OpenMarketAPIRequestGetProtocol.swift */ = {isa = PBXFileReference; lastKnownFileType = sourcecode.swift; path = OpenMarketAPIRequestGetProtocol.swift; sourceTree = "<group>"; };
		FD8BA9D429E1BB4400F18661 /* HTTPMethod.swift */ = {isa = PBXFileReference; lastKnownFileType = sourcecode.swift; path = HTTPMethod.swift; sourceTree = "<group>"; };
		FD8BA9D629E1BC6C00F18661 /* API+LookUpItems.swift */ = {isa = PBXFileReference; lastKnownFileType = sourcecode.swift; path = "API+LookUpItems.swift"; sourceTree = "<group>"; };
		FD8BA9D929E1CBD500F18661 /* ItemListViewModel.swift */ = {isa = PBXFileReference; lastKnownFileType = sourcecode.swift; path = ItemListViewModel.swift; sourceTree = "<group>"; };
		FD8BA9DB29E1D10100F18661 /* ItemListPage.swift */ = {isa = PBXFileReference; lastKnownFileType = sourcecode.swift; path = ItemListPage.swift; sourceTree = "<group>"; };
		FD8BA9DD29E1F2D100F18661 /* DTOProtocol.swift */ = {isa = PBXFileReference; lastKnownFileType = sourcecode.swift; path = DTOProtocol.swift; sourceTree = "<group>"; };
		FD8BA9DF29E1F8AE00F18661 /* DataToEntityConverter.swift */ = {isa = PBXFileReference; lastKnownFileType = sourcecode.swift; path = DataToEntityConverter.swift; sourceTree = "<group>"; };
		FD8BA9E129E2135C00F18661 /* DateCalculator.swift */ = {isa = PBXFileReference; lastKnownFileType = sourcecode.swift; path = DateCalculator.swift; sourceTree = "<group>"; };
		FD8BA9E629E235A100F18661 /* ItemDetailView.swift */ = {isa = PBXFileReference; lastKnownFileType = sourcecode.swift; path = ItemDetailView.swift; sourceTree = "<group>"; };
		FD8BA9E829E2494C00F18661 /* ItemDetailViewModel.swift */ = {isa = PBXFileReference; lastKnownFileType = sourcecode.swift; path = ItemDetailViewModel.swift; sourceTree = "<group>"; };
		FD8BA9EA29E24AB700F18661 /* API+LookUpItemDetail.swift */ = {isa = PBXFileReference; lastKnownFileType = sourcecode.swift; path = "API+LookUpItemDetail.swift"; sourceTree = "<group>"; };
		FD8BA9EC29E2598900F18661 /* Vendor.swift */ = {isa = PBXFileReference; lastKnownFileType = sourcecode.swift; path = Vendor.swift; sourceTree = "<group>"; };
/* End PBXFileReference section */

/* Begin PBXFrameworksBuildPhase section */
		FD8BA99E29E19CAA00F18661 /* Frameworks */ = {
			isa = PBXFrameworksBuildPhase;
			buildActionMask = 2147483647;
			files = (
			);
			runOnlyForDeploymentPostprocessing = 0;
		};
/* End PBXFrameworksBuildPhase section */

/* Begin PBXGroup section */
		FD8BA99829E19CAA00F18661 = {
			isa = PBXGroup;
			children = (
				FD8BA9A329E19CAA00F18661 /* HongdangmuMarket */,
				FD8BA9A229E19CAA00F18661 /* Products */,
			);
			sourceTree = "<group>";
		};
		FD8BA9A229E19CAA00F18661 /* Products */ = {
			isa = PBXGroup;
			children = (
				FD8BA9A129E19CAA00F18661 /* HongdangmuMarket.app */,
			);
			name = Products;
			sourceTree = "<group>";
		};
		FD8BA9A329E19CAA00F18661 /* HongdangmuMarket */ = {
			isa = PBXGroup;
			children = (
				FD8BA9A429E19CAA00F18661 /* HongdangmuMarketApp.swift */,
				FD8BA9C429E1B32500F18661 /* Models */,
				FD8BA9B229E19E4200F18661 /* Features */,
				FD8BA9C929E1B6A100F18661 /* Helpers */,
				FD8BA9CA29E1B83500F18661 /* Networking */,
				FD8BA9A829E19CAB00F18661 /* Assets.xcassets */,
				FD8BA9AA29E19CAB00F18661 /* Preview Content */,
			);
			path = HongdangmuMarket;
			sourceTree = "<group>";
		};
		FD8BA9AA29E19CAB00F18661 /* Preview Content */ = {
			isa = PBXGroup;
			children = (
				FD8BA9AB29E19CAB00F18661 /* Preview Assets.xcassets */,
			);
			path = "Preview Content";
			sourceTree = "<group>";
		};
		FD8BA9B229E19E4200F18661 /* Features */ = {
			isa = PBXGroup;
			children = (
				FD8BA9C029E1AE2400F18661 /* Common */,
				FD8BA9C329E1AFFF00F18661 /* ItemList */,
				FD8BA9E329E2232000F18661 /* ItemDetail */,
			);
			path = Features;
			sourceTree = "<group>";
		};
		FD8BA9C029E1AE2400F18661 /* Common */ = {
			isa = PBXGroup;
			children = (
				FD8BA9C129E1AE4800F18661 /* MainContainerView.swift */,
			);
			path = Common;
			sourceTree = "<group>";
		};
		FD8BA9C329E1AFFF00F18661 /* ItemList */ = {
			isa = PBXGroup;
			children = (
				FD8BA9B529E19EB600F18661 /* ItemListView.swift */,
				FD8BA9B729E19F2100F18661 /* ItemRowView.swift */,
				FD8BA9D929E1CBD500F18661 /* ItemListViewModel.swift */,
			);
			path = ItemList;
			sourceTree = "<group>";
		};
		FD8BA9C429E1B32500F18661 /* Models */ = {
			isa = PBXGroup;
			children = (
				FD8BA9C829E1B53F00F18661 /* Entities */,
				FD8BA9C529E1B3EB00F18661 /* DTOs */,
			);
			path = Models;
			sourceTree = "<group>";
		};
		FD8BA9C529E1B3EB00F18661 /* DTOs */ = {
			isa = PBXGroup;
			children = (
				FD8BA9DD29E1F2D100F18661 /* DTOProtocol.swift */,
				FD8BA9BC29E1A13000F18661 /* ItemListPageDTO.swift */,
				FD8BA9BA29E19F8C00F18661 /* ItemDTO.swift */,
			);
			path = DTOs;
			sourceTree = "<group>";
		};
		FD8BA9C829E1B53F00F18661 /* Entities */ = {
			isa = PBXGroup;
			children = (
				FD8BA9DB29E1D10100F18661 /* ItemListPage.swift */,
				FD8BA9C629E1B53B00F18661 /* Item.swift */,
				FD8BA9EC29E2598900F18661 /* Vendor.swift */,
			);
			path = Entities;
			sourceTree = "<group>";
		};
		FD8BA9C929E1B6A100F18661 /* Helpers */ = {
			isa = PBXGroup;
			children = (
				FD8BA9BE29E1A9F600F18661 /* NetworkManager.swift */,
				FD8BA9DF29E1F8AE00F18661 /* DataToEntityConverter.swift */,
				FD8BA9E129E2135C00F18661 /* DateCalculator.swift */,
			);
			path = Helpers;
			sourceTree = "<group>";
		};
		FD8BA9CA29E1B83500F18661 /* Networking */ = {
			isa = PBXGroup;
			children = (
				FD8BA9D429E1BB4400F18661 /* HTTPMethod.swift */,
				FD8BA9D829E1CAE100F18661 /* API */,
				FD8BA9CD29E1B94200F18661 /* OpenMarketAPIRequests */,
			);
			path = Networking;
			sourceTree = "<group>";
		};
		FD8BA9CD29E1B94200F18661 /* OpenMarketAPIRequests */ = {
			isa = PBXGroup;
			children = (
				FD8BA9CE29E1B95D00F18661 /* OpenMarketAPIRequestProtocol.swift */,
				FD8BA9D229E1BAE700F18661 /* OpenMarketAPIRequestGetProtocol.swift */,
			);
			path = OpenMarketAPIRequests;
			sourceTree = "<group>";
		};
		FD8BA9D829E1CAE100F18661 /* API */ = {
			isa = PBXGroup;
			children = (
				FD8BA9CB29E1B84000F18661 /* API.swift */,
				FD8BA9D629E1BC6C00F18661 /* API+LookUpItems.swift */,
				FD8BA9EA29E24AB700F18661 /* API+LookUpItemDetail.swift */,
			);
			path = API;
			sourceTree = "<group>";
		};
		FD8BA9E329E2232000F18661 /* ItemDetail */ = {
			isa = PBXGroup;
			children = (
				FD8BA9E629E235A100F18661 /* ItemDetailView.swift */,
				FD8BA9E829E2494C00F18661 /* ItemDetailViewModel.swift */,
			);
			path = ItemDetail;
			sourceTree = "<group>";
		};
/* End PBXGroup section */

/* Begin PBXNativeTarget section */
		FD8BA9A029E19CAA00F18661 /* HongdangmuMarket */ = {
			isa = PBXNativeTarget;
			buildConfigurationList = FD8BA9AF29E19CAB00F18661 /* Build configuration list for PBXNativeTarget "HongdangmuMarket" */;
			buildPhases = (
				FD8BA99D29E19CAA00F18661 /* Sources */,
				FD8BA99E29E19CAA00F18661 /* Frameworks */,
				FD8BA99F29E19CAA00F18661 /* Resources */,
			);
			buildRules = (
			);
			dependencies = (
			);
			name = HongdangmuMarket;
			productName = HongdangmuMarket;
			productReference = FD8BA9A129E19CAA00F18661 /* HongdangmuMarket.app */;
			productType = "com.apple.product-type.application";
		};
/* End PBXNativeTarget section */

/* Begin PBXProject section */
		FD8BA99929E19CAA00F18661 /* Project object */ = {
			isa = PBXProject;
			attributes = {
				BuildIndependentTargetsInParallel = 1;
				LastSwiftUpdateCheck = 1430;
				LastUpgradeCheck = 1430;
				TargetAttributes = {
					FD8BA9A029E19CAA00F18661 = {
						CreatedOnToolsVersion = 14.3;
					};
				};
			};
			buildConfigurationList = FD8BA99C29E19CAA00F18661 /* Build configuration list for PBXProject "HongdangmuMarket" */;
			compatibilityVersion = "Xcode 14.0";
			developmentRegion = en;
			hasScannedForEncodings = 0;
			knownRegions = (
				en,
				Base,
			);
			mainGroup = FD8BA99829E19CAA00F18661;
			productRefGroup = FD8BA9A229E19CAA00F18661 /* Products */;
			projectDirPath = "";
			projectRoot = "";
			targets = (
				FD8BA9A029E19CAA00F18661 /* HongdangmuMarket */,
			);
		};
/* End PBXProject section */

/* Begin PBXResourcesBuildPhase section */
		FD8BA99F29E19CAA00F18661 /* Resources */ = {
			isa = PBXResourcesBuildPhase;
			buildActionMask = 2147483647;
			files = (
				FD8BA9AC29E19CAB00F18661 /* Preview Assets.xcassets in Resources */,
				FD8BA9A929E19CAB00F18661 /* Assets.xcassets in Resources */,
			);
			runOnlyForDeploymentPostprocessing = 0;
		};
/* End PBXResourcesBuildPhase section */

/* Begin PBXSourcesBuildPhase section */
		FD8BA99D29E19CAA00F18661 /* Sources */ = {
			isa = PBXSourcesBuildPhase;
			buildActionMask = 2147483647;
			files = (
				FD8BA9E729E235A100F18661 /* ItemDetailView.swift in Sources */,
				FD8BA9BB29E19F8C00F18661 /* ItemDTO.swift in Sources */,
				FD8BA9C729E1B53B00F18661 /* Item.swift in Sources */,
				FD8BA9CF29E1B95D00F18661 /* OpenMarketAPIRequestProtocol.swift in Sources */,
				FD8BA9BD29E1A13000F18661 /* ItemListPageDTO.swift in Sources */,
				FD8BA9DC29E1D10100F18661 /* ItemListPage.swift in Sources */,
				FD8BA9CC29E1B84000F18661 /* API.swift in Sources */,
				FD8BA9BF29E1A9F600F18661 /* NetworkManager.swift in Sources */,
				FD8BA9DA29E1CBD500F18661 /* ItemListViewModel.swift in Sources */,
				FD8BA9B629E19EB600F18661 /* ItemListView.swift in Sources */,
				FD8BA9C229E1AE4800F18661 /* MainContainerView.swift in Sources */,
				FD8BA9B829E19F2100F18661 /* ItemRowView.swift in Sources */,
				FD8BA9DE29E1F2D100F18661 /* DTOProtocol.swift in Sources */,
				FD8BA9D529E1BB4400F18661 /* HTTPMethod.swift in Sources */,
				FD8BA9A529E19CAA00F18661 /* HongdangmuMarketApp.swift in Sources */,
				FD8BA9D329E1BAE700F18661 /* OpenMarketAPIRequestGetProtocol.swift in Sources */,
				FD8BA9ED29E2598900F18661 /* Vendor.swift in Sources */,
				FD8BA9D729E1BC6C00F18661 /* API+LookUpItems.swift in Sources */,
				FD8BA9EB29E24AB700F18661 /* API+LookUpItemDetail.swift in Sources */,
				FD8BA9E029E1F8AE00F18661 /* DataToEntityConverter.swift in Sources */,
				FD8BA9E929E2494C00F18661 /* ItemDetailViewModel.swift in Sources */,
				FD8BA9E229E2135C00F18661 /* DateCalculator.swift in Sources */,
			);
			runOnlyForDeploymentPostprocessing = 0;
		};
/* End PBXSourcesBuildPhase section */

/* Begin XCBuildConfiguration section */
		FD8BA9AD29E19CAB00F18661 /* Debug */ = {
			isa = XCBuildConfiguration;
			buildSettings = {
				ALWAYS_SEARCH_USER_PATHS = NO;
				CLANG_ANALYZER_NONNULL = YES;
				CLANG_ANALYZER_NUMBER_OBJECT_CONVERSION = YES_AGGRESSIVE;
				CLANG_CXX_LANGUAGE_STANDARD = "gnu++20";
				CLANG_ENABLE_MODULES = YES;
				CLANG_ENABLE_OBJC_ARC = YES;
				CLANG_ENABLE_OBJC_WEAK = YES;
				CLANG_WARN_BLOCK_CAPTURE_AUTORELEASING = YES;
				CLANG_WARN_BOOL_CONVERSION = YES;
				CLANG_WARN_COMMA = YES;
				CLANG_WARN_CONSTANT_CONVERSION = YES;
				CLANG_WARN_DEPRECATED_OBJC_IMPLEMENTATIONS = YES;
				CLANG_WARN_DIRECT_OBJC_ISA_USAGE = YES_ERROR;
				CLANG_WARN_DOCUMENTATION_COMMENTS = YES;
				CLANG_WARN_EMPTY_BODY = YES;
				CLANG_WARN_ENUM_CONVERSION = YES;
				CLANG_WARN_INFINITE_RECURSION = YES;
				CLANG_WARN_INT_CONVERSION = YES;
				CLANG_WARN_NON_LITERAL_NULL_CONVERSION = YES;
				CLANG_WARN_OBJC_IMPLICIT_RETAIN_SELF = YES;
				CLANG_WARN_OBJC_LITERAL_CONVERSION = YES;
				CLANG_WARN_OBJC_ROOT_CLASS = YES_ERROR;
				CLANG_WARN_QUOTED_INCLUDE_IN_FRAMEWORK_HEADER = YES;
				CLANG_WARN_RANGE_LOOP_ANALYSIS = YES;
				CLANG_WARN_STRICT_PROTOTYPES = YES;
				CLANG_WARN_SUSPICIOUS_MOVE = YES;
				CLANG_WARN_UNGUARDED_AVAILABILITY = YES_AGGRESSIVE;
				CLANG_WARN_UNREACHABLE_CODE = YES;
				CLANG_WARN__DUPLICATE_METHOD_MATCH = YES;
				COPY_PHASE_STRIP = NO;
				DEBUG_INFORMATION_FORMAT = dwarf;
				ENABLE_STRICT_OBJC_MSGSEND = YES;
				ENABLE_TESTABILITY = YES;
				GCC_C_LANGUAGE_STANDARD = gnu11;
				GCC_DYNAMIC_NO_PIC = NO;
				GCC_NO_COMMON_BLOCKS = YES;
				GCC_OPTIMIZATION_LEVEL = 0;
				GCC_PREPROCESSOR_DEFINITIONS = (
					"DEBUG=1",
					"$(inherited)",
				);
				GCC_WARN_64_TO_32_BIT_CONVERSION = YES;
				GCC_WARN_ABOUT_RETURN_TYPE = YES_ERROR;
				GCC_WARN_UNDECLARED_SELECTOR = YES;
				GCC_WARN_UNINITIALIZED_AUTOS = YES_AGGRESSIVE;
				GCC_WARN_UNUSED_FUNCTION = YES;
				GCC_WARN_UNUSED_VARIABLE = YES;
				IPHONEOS_DEPLOYMENT_TARGET = 16.4;
				MTL_ENABLE_DEBUG_INFO = INCLUDE_SOURCE;
				MTL_FAST_MATH = YES;
				ONLY_ACTIVE_ARCH = YES;
				SDKROOT = iphoneos;
				SWIFT_ACTIVE_COMPILATION_CONDITIONS = DEBUG;
				SWIFT_OPTIMIZATION_LEVEL = "-Onone";
			};
			name = Debug;
		};
		FD8BA9AE29E19CAB00F18661 /* Release */ = {
			isa = XCBuildConfiguration;
			buildSettings = {
				ALWAYS_SEARCH_USER_PATHS = NO;
				CLANG_ANALYZER_NONNULL = YES;
				CLANG_ANALYZER_NUMBER_OBJECT_CONVERSION = YES_AGGRESSIVE;
				CLANG_CXX_LANGUAGE_STANDARD = "gnu++20";
				CLANG_ENABLE_MODULES = YES;
				CLANG_ENABLE_OBJC_ARC = YES;
				CLANG_ENABLE_OBJC_WEAK = YES;
				CLANG_WARN_BLOCK_CAPTURE_AUTORELEASING = YES;
				CLANG_WARN_BOOL_CONVERSION = YES;
				CLANG_WARN_COMMA = YES;
				CLANG_WARN_CONSTANT_CONVERSION = YES;
				CLANG_WARN_DEPRECATED_OBJC_IMPLEMENTATIONS = YES;
				CLANG_WARN_DIRECT_OBJC_ISA_USAGE = YES_ERROR;
				CLANG_WARN_DOCUMENTATION_COMMENTS = YES;
				CLANG_WARN_EMPTY_BODY = YES;
				CLANG_WARN_ENUM_CONVERSION = YES;
				CLANG_WARN_INFINITE_RECURSION = YES;
				CLANG_WARN_INT_CONVERSION = YES;
				CLANG_WARN_NON_LITERAL_NULL_CONVERSION = YES;
				CLANG_WARN_OBJC_IMPLICIT_RETAIN_SELF = YES;
				CLANG_WARN_OBJC_LITERAL_CONVERSION = YES;
				CLANG_WARN_OBJC_ROOT_CLASS = YES_ERROR;
				CLANG_WARN_QUOTED_INCLUDE_IN_FRAMEWORK_HEADER = YES;
				CLANG_WARN_RANGE_LOOP_ANALYSIS = YES;
				CLANG_WARN_STRICT_PROTOTYPES = YES;
				CLANG_WARN_SUSPICIOUS_MOVE = YES;
				CLANG_WARN_UNGUARDED_AVAILABILITY = YES_AGGRESSIVE;
				CLANG_WARN_UNREACHABLE_CODE = YES;
				CLANG_WARN__DUPLICATE_METHOD_MATCH = YES;
				COPY_PHASE_STRIP = NO;
				DEBUG_INFORMATION_FORMAT = "dwarf-with-dsym";
				ENABLE_NS_ASSERTIONS = NO;
				ENABLE_STRICT_OBJC_MSGSEND = YES;
				GCC_C_LANGUAGE_STANDARD = gnu11;
				GCC_NO_COMMON_BLOCKS = YES;
				GCC_WARN_64_TO_32_BIT_CONVERSION = YES;
				GCC_WARN_ABOUT_RETURN_TYPE = YES_ERROR;
				GCC_WARN_UNDECLARED_SELECTOR = YES;
				GCC_WARN_UNINITIALIZED_AUTOS = YES_AGGRESSIVE;
				GCC_WARN_UNUSED_FUNCTION = YES;
				GCC_WARN_UNUSED_VARIABLE = YES;
				IPHONEOS_DEPLOYMENT_TARGET = 16.4;
				MTL_ENABLE_DEBUG_INFO = NO;
				MTL_FAST_MATH = YES;
				SDKROOT = iphoneos;
				SWIFT_COMPILATION_MODE = wholemodule;
				SWIFT_OPTIMIZATION_LEVEL = "-O";
				VALIDATE_PRODUCT = YES;
			};
			name = Release;
		};
		FD8BA9B029E19CAB00F18661 /* Debug */ = {
			isa = XCBuildConfiguration;
			buildSettings = {
				ASSETCATALOG_COMPILER_APPICON_NAME = AppIcon;
				ASSETCATALOG_COMPILER_GLOBAL_ACCENT_COLOR_NAME = AccentColor;
				CODE_SIGN_STYLE = Automatic;
				CURRENT_PROJECT_VERSION = 1;
				DEVELOPMENT_ASSET_PATHS = "\"HongdangmuMarket/Preview Content\"";
				DEVELOPMENT_TEAM = 4K2FDLWHBL;
				ENABLE_PREVIEWS = YES;
				GENERATE_INFOPLIST_FILE = YES;
				INFOPLIST_KEY_UIApplicationSceneManifest_Generation = YES;
				INFOPLIST_KEY_UIApplicationSupportsIndirectInputEvents = YES;
				INFOPLIST_KEY_UILaunchScreen_Generation = YES;
				INFOPLIST_KEY_UISupportedInterfaceOrientations_iPad = "UIInterfaceOrientationPortrait UIInterfaceOrientationPortraitUpsideDown UIInterfaceOrientationLandscapeLeft UIInterfaceOrientationLandscapeRight";
				INFOPLIST_KEY_UISupportedInterfaceOrientations_iPhone = "UIInterfaceOrientationPortrait UIInterfaceOrientationLandscapeLeft UIInterfaceOrientationLandscapeRight";
				IPHONEOS_DEPLOYMENT_TARGET = 15.0;
				LD_RUNPATH_SEARCH_PATHS = (
					"$(inherited)",
					"@executable_path/Frameworks",
				);
				MARKETING_VERSION = 1.0;
				PRODUCT_BUNDLE_IDENTIFIER = io.minsson.HongdangmuMarket;
				PRODUCT_NAME = "$(TARGET_NAME)";
				SWIFT_EMIT_LOC_STRINGS = YES;
				SWIFT_VERSION = 5.0;
				TARGETED_DEVICE_FAMILY = "1,2";
			};
			name = Debug;
		};
		FD8BA9B129E19CAB00F18661 /* Release */ = {
			isa = XCBuildConfiguration;
			buildSettings = {
				ASSETCATALOG_COMPILER_APPICON_NAME = AppIcon;
				ASSETCATALOG_COMPILER_GLOBAL_ACCENT_COLOR_NAME = AccentColor;
				CODE_SIGN_STYLE = Automatic;
				CURRENT_PROJECT_VERSION = 1;
				DEVELOPMENT_ASSET_PATHS = "\"HongdangmuMarket/Preview Content\"";
				DEVELOPMENT_TEAM = 4K2FDLWHBL;
				ENABLE_PREVIEWS = YES;
				GENERATE_INFOPLIST_FILE = YES;
				INFOPLIST_KEY_UIApplicationSceneManifest_Generation = YES;
				INFOPLIST_KEY_UIApplicationSupportsIndirectInputEvents = YES;
				INFOPLIST_KEY_UILaunchScreen_Generation = YES;
				INFOPLIST_KEY_UISupportedInterfaceOrientations_iPad = "UIInterfaceOrientationPortrait UIInterfaceOrientationPortraitUpsideDown UIInterfaceOrientationLandscapeLeft UIInterfaceOrientationLandscapeRight";
				INFOPLIST_KEY_UISupportedInterfaceOrientations_iPhone = "UIInterfaceOrientationPortrait UIInterfaceOrientationLandscapeLeft UIInterfaceOrientationLandscapeRight";
				IPHONEOS_DEPLOYMENT_TARGET = 15.0;
				LD_RUNPATH_SEARCH_PATHS = (
					"$(inherited)",
					"@executable_path/Frameworks",
				);
				MARKETING_VERSION = 1.0;
				PRODUCT_BUNDLE_IDENTIFIER = io.minsson.HongdangmuMarket;
				PRODUCT_NAME = "$(TARGET_NAME)";
				SWIFT_EMIT_LOC_STRINGS = YES;
				SWIFT_VERSION = 5.0;
				TARGETED_DEVICE_FAMILY = "1,2";
			};
			name = Release;
		};
/* End XCBuildConfiguration section */

/* Begin XCConfigurationList section */
		FD8BA99C29E19CAA00F18661 /* Build configuration list for PBXProject "HongdangmuMarket" */ = {
			isa = XCConfigurationList;
			buildConfigurations = (
				FD8BA9AD29E19CAB00F18661 /* Debug */,
				FD8BA9AE29E19CAB00F18661 /* Release */,
			);
			defaultConfigurationIsVisible = 0;
			defaultConfigurationName = Release;
		};
		FD8BA9AF29E19CAB00F18661 /* Build configuration list for PBXNativeTarget "HongdangmuMarket" */ = {
			isa = XCConfigurationList;
			buildConfigurations = (
				FD8BA9B029E19CAB00F18661 /* Debug */,
				FD8BA9B129E19CAB00F18661 /* Release */,
			);
			defaultConfigurationIsVisible = 0;
			defaultConfigurationName = Release;
		};
/* End XCConfigurationList section */
	};
	rootObject = FD8BA99929E19CAA00F18661 /* Project object */;
}
